// !$*UTF8*$!
{
	archiveVersion = 1;
	classes = {
	};
	objectVersion = 46;
	objects = {

/* Begin PBXBuildFile section */
		3B8AD52C1A1FDB6A00DFFA3A /* main.m in Sources */ = {isa = PBXBuildFile; fileRef = 3B8AD52B1A1FDB6A00DFFA3A /* main.m */; };
		3B8AD52F1A1FDB6A00DFFA3A /* AppDelegate.m in Sources */ = {isa = PBXBuildFile; fileRef = 3B8AD52E1A1FDB6A00DFFA3A /* AppDelegate.m */; };
		3B8AD5321A1FDB6A00DFFA3A /* Fiddle_Stats.xcdatamodeld in Sources */ = {isa = PBXBuildFile; fileRef = 3B8AD5301A1FDB6A00DFFA3A /* Fiddle_Stats.xcdatamodeld */; };
		3B8AD5351A1FDB6A00DFFA3A /* ViewController.m in Sources */ = {isa = PBXBuildFile; fileRef = 3B8AD5341A1FDB6A00DFFA3A /* ViewController.m */; };
		3B8AD5381A1FDB6A00DFFA3A /* Main.storyboard in Resources */ = {isa = PBXBuildFile; fileRef = 3B8AD5361A1FDB6A00DFFA3A /* Main.storyboard */; };
		3B8AD53A1A1FDB6A00DFFA3A /* Images.xcassets in Resources */ = {isa = PBXBuildFile; fileRef = 3B8AD5391A1FDB6A00DFFA3A /* Images.xcassets */; };
		3B8AD53D1A1FDB6A00DFFA3A /* LaunchScreen.xib in Resources */ = {isa = PBXBuildFile; fileRef = 3B8AD53B1A1FDB6A00DFFA3A /* LaunchScreen.xib */; };
		3B8AD5491A1FDB6A00DFFA3A /* Fiddle_StatsTests.m in Sources */ = {isa = PBXBuildFile; fileRef = 3B8AD5481A1FDB6A00DFFA3A /* Fiddle_StatsTests.m */; };
/* End PBXBuildFile section */

/* Begin PBXContainerItemProxy section */
		3B8AD5431A1FDB6A00DFFA3A /* PBXContainerItemProxy */ = {
			isa = PBXContainerItemProxy;
			containerPortal = 3B8AD51E1A1FDB6A00DFFA3A /* Project object */;
			proxyType = 1;
			remoteGlobalIDString = 3B8AD5251A1FDB6A00DFFA3A;
			remoteInfo = "Fiddle Stats";
		};
/* End PBXContainerItemProxy section */

/* Begin PBXFileReference section */
		3B8AD5261A1FDB6A00DFFA3A /* Fiddle Stats.app */ = {isa = PBXFileReference; explicitFileType = wrapper.application; includeInIndex = 0; path = "Fiddle Stats.app"; sourceTree = BUILT_PRODUCTS_DIR; };
		3B8AD52A1A1FDB6A00DFFA3A /* Info.plist */ = {isa = PBXFileReference; lastKnownFileType = text.plist.xml; path = Info.plist; sourceTree = "<group>"; };
		3B8AD52B1A1FDB6A00DFFA3A /* main.m */ = {isa = PBXFileReference; lastKnownFileType = sourcecode.c.objc; path = main.m; sourceTree = "<group>"; };
		3B8AD52D1A1FDB6A00DFFA3A /* AppDelegate.h */ = {isa = PBXFileReference; lastKnownFileType = sourcecode.c.h; path = AppDelegate.h; sourceTree = "<group>"; };
		3B8AD52E1A1FDB6A00DFFA3A /* AppDelegate.m */ = {isa = PBXFileReference; lastKnownFileType = sourcecode.c.objc; path = AppDelegate.m; sourceTree = "<group>"; };
		3B8AD5311A1FDB6A00DFFA3A /* Fiddle_Stats.xcdatamodel */ = {isa = PBXFileReference; lastKnownFileType = wrapper.xcdatamodel; path = Fiddle_Stats.xcdatamodel; sourceTree = "<group>"; };
		3B8AD5331A1FDB6A00DFFA3A /* ViewController.h */ = {isa = PBXFileReference; lastKnownFileType = sourcecode.c.h; path = ViewController.h; sourceTree = "<group>"; };
		3B8AD5341A1FDB6A00DFFA3A /* ViewController.m */ = {isa = PBXFileReference; lastKnownFileType = sourcecode.c.objc; path = ViewController.m; sourceTree = "<group>"; };
		3B8AD5371A1FDB6A00DFFA3A /* Base */ = {isa = PBXFileReference; lastKnownFileType = file.storyboard; name = Base; path = Base.lproj/Main.storyboard; sourceTree = "<group>"; };
		3B8AD5391A1FDB6A00DFFA3A /* Images.xcassets */ = {isa = PBXFileReference; lastKnownFileType = folder.assetcatalog; path = Images.xcassets; sourceTree = "<group>"; };
		3B8AD53C1A1FDB6A00DFFA3A /* Base */ = {isa = PBXFileReference; lastKnownFileType = file.xib; name = Base; path = Base.lproj/LaunchScreen.xib; sourceTree = "<group>"; };
		3B8AD5421A1FDB6A00DFFA3A /* Fiddle StatsTests.xctest */ = {isa = PBXFileReference; explicitFileType = wrapper.cfbundle; includeInIndex = 0; path = "Fiddle StatsTests.xctest"; sourceTree = BUILT_PRODUCTS_DIR; };
		3B8AD5471A1FDB6A00DFFA3A /* Info.plist */ = {isa = PBXFileReference; lastKnownFileType = text.plist.xml; path = Info.plist; sourceTree = "<group>"; };
		3B8AD5481A1FDB6A00DFFA3A /* Fiddle_StatsTests.m */ = {isa = PBXFileReference; lastKnownFileType = sourcecode.c.objc; path = Fiddle_StatsTests.m; sourceTree = "<group>"; };
/* End PBXFileReference section */

/* Begin PBXFrameworksBuildPhase section */
		3B8AD5231A1FDB6A00DFFA3A /* Frameworks */ = {
			isa = PBXFrameworksBuildPhase;
			buildActionMask = 2147483647;
			files = (
			);
			runOnlyForDeploymentPostprocessing = 0;
		};
		3B8AD53F1A1FDB6A00DFFA3A /* Frameworks */ = {
			isa = PBXFrameworksBuildPhase;
			buildActionMask = 2147483647;
			files = (
			);
			runOnlyForDeploymentPostprocessing = 0;
		};
/* End PBXFrameworksBuildPhase section */

/* Begin PBXGroup section */
		3B8AD51D1A1FDB6A00DFFA3A = {
			isa = PBXGroup;
			children = (
				3B8AD5281A1FDB6A00DFFA3A /* Fiddle Stats */,
				3B8AD5451A1FDB6A00DFFA3A /* Fiddle StatsTests */,
				3B8AD5271A1FDB6A00DFFA3A /* Products */,
			);
			sourceTree = "<group>";
		};
		3B8AD5271A1FDB6A00DFFA3A /* Products */ = {
			isa = PBXGroup;
			children = (
				3B8AD5261A1FDB6A00DFFA3A /* Fiddle Stats.app */,
				3B8AD5421A1FDB6A00DFFA3A /* Fiddle StatsTests.xctest */,
			);
			name = Products;
			sourceTree = "<group>";
		};
		3B8AD5281A1FDB6A00DFFA3A /* Fiddle Stats */ = {
			isa = PBXGroup;
			children = (
				3B8AD52D1A1FDB6A00DFFA3A /* AppDelegate.h */,
				3B8AD52E1A1FDB6A00DFFA3A /* AppDelegate.m */,
				3B8AD5331A1FDB6A00DFFA3A /* ViewController.h */,
				3B8AD5341A1FDB6A00DFFA3A /* ViewController.m */,
				3B8AD5361A1FDB6A00DFFA3A /* Main.storyboard */,
				3B8AD5391A1FDB6A00DFFA3A /* Images.xcassets */,
				3B8AD53B1A1FDB6A00DFFA3A /* LaunchScreen.xib */,
				3B8AD5301A1FDB6A00DFFA3A /* Fiddle_Stats.xcdatamodeld */,
				3B8AD5291A1FDB6A00DFFA3A /* Supporting Files */,
			);
			path = "Fiddle Stats";
			sourceTree = "<group>";
		};
		3B8AD5291A1FDB6A00DFFA3A /* Supporting Files */ = {
			isa = PBXGroup;
			children = (
				3B8AD52A1A1FDB6A00DFFA3A /* Info.plist */,
				3B8AD52B1A1FDB6A00DFFA3A /* main.m */,
			);
			name = "Supporting Files";
			sourceTree = "<group>";
		};
		3B8AD5451A1FDB6A00DFFA3A /* Fiddle StatsTests */ = {
			isa = PBXGroup;
			children = (
				3B8AD5481A1FDB6A00DFFA3A /* Fiddle_StatsTests.m */,
				3B8AD5461A1FDB6A00DFFA3A /* Supporting Files */,
			);
			path = "Fiddle StatsTests";
			sourceTree = "<group>";
		};
		3B8AD5461A1FDB6A00DFFA3A /* Supporting Files */ = {
			isa = PBXGroup;
			children = (
				3B8AD5471A1FDB6A00DFFA3A /* Info.plist */,
			);
			name = "Supporting Files";
			sourceTree = "<group>";
		};
/* End PBXGroup section */

/* Begin PBXNativeTarget section */
		3B8AD5251A1FDB6A00DFFA3A /* Fiddle Stats */ = {
			isa = PBXNativeTarget;
			buildConfigurationList = 3B8AD54C1A1FDB6A00DFFA3A /* Build configuration list for PBXNativeTarget "Fiddle Stats" */;
			buildPhases = (
				3B8AD5221A1FDB6A00DFFA3A /* Sources */,
				3B8AD5231A1FDB6A00DFFA3A /* Frameworks */,
				3B8AD5241A1FDB6A00DFFA3A /* Resources */,
			);
			buildRules = (
			);
			dependencies = (
			);
			name = "Fiddle Stats";
			productName = "Fiddle Stats";
			productReference = 3B8AD5261A1FDB6A00DFFA3A /* Fiddle Stats.app */;
			productType = "com.apple.product-type.application";
		};
		3B8AD5411A1FDB6A00DFFA3A /* Fiddle StatsTests */ = {
			isa = PBXNativeTarget;
			buildConfigurationList = 3B8AD54F1A1FDB6A00DFFA3A /* Build configuration list for PBXNativeTarget "Fiddle StatsTests" */;
			buildPhases = (
				3B8AD53E1A1FDB6A00DFFA3A /* Sources */,
				3B8AD53F1A1FDB6A00DFFA3A /* Frameworks */,
				3B8AD5401A1FDB6A00DFFA3A /* Resources */,
			);
			buildRules = (
			);
			dependencies = (
				3B8AD5441A1FDB6A00DFFA3A /* PBXTargetDependency */,
			);
			name = "Fiddle StatsTests";
			productName = "Fiddle StatsTests";
			productReference = 3B8AD5421A1FDB6A00DFFA3A /* Fiddle StatsTests.xctest */;
			productType = "com.apple.product-type.bundle.unit-test";
		};
/* End PBXNativeTarget section */

/* Begin PBXProject section */
		3B8AD51E1A1FDB6A00DFFA3A /* Project object */ = {
			isa = PBXProject;
			attributes = {
				LastUpgradeCheck = 0610;
				ORGANIZATIONNAME = "Casey Richardson";
				TargetAttributes = {
					3B8AD5251A1FDB6A00DFFA3A = {
						CreatedOnToolsVersion = 6.1;
					};
					3B8AD5411A1FDB6A00DFFA3A = {
						CreatedOnToolsVersion = 6.1;
						TestTargetID = 3B8AD5251A1FDB6A00DFFA3A;
					};
				};
			};
			buildConfigurationList = 3B8AD5211A1FDB6A00DFFA3A /* Build configuration list for PBXProject "Fiddle Stats" */;
			compatibilityVersion = "Xcode 3.2";
			developmentRegion = English;
			hasScannedForEncodings = 0;
			knownRegions = (
				en,
				Base,
			);
			mainGroup = 3B8AD51D1A1FDB6A00DFFA3A;
			productRefGroup = 3B8AD5271A1FDB6A00DFFA3A /* Products */;
			projectDirPath = "";
			projectRoot = "";
			targets = (
				3B8AD5251A1FDB6A00DFFA3A /* Fiddle Stats */,
				3B8AD5411A1FDB6A00DFFA3A /* Fiddle StatsTests */,
			);
		};
/* End PBXProject section */

/* Begin PBXResourcesBuildPhase section */
		3B8AD5241A1FDB6A00DFFA3A /* Resources */ = {
			isa = PBXResourcesBuildPhase;
			buildActionMask = 2147483647;
			files = (
				3B8AD5381A1FDB6A00DFFA3A /* Main.storyboard in Resources */,
				3B8AD53D1A1FDB6A00DFFA3A /* LaunchScreen.xib in Resources */,
				3B8AD53A1A1FDB6A00DFFA3A /* Images.xcassets in Resources */,
			);
			runOnlyForDeploymentPostprocessing = 0;
		};
		3B8AD5401A1FDB6A00DFFA3A /* Resources */ = {
			isa = PBXResourcesBuildPhase;
			buildActionMask = 2147483647;
			files = (
			);
			runOnlyForDeploymentPostprocessing = 0;
		};
/* End PBXResourcesBuildPhase section */

/* Begin PBXSourcesBuildPhase section */
		3B8AD5221A1FDB6A00DFFA3A /* Sources */ = {
			isa = PBXSourcesBuildPhase;
			buildActionMask = 2147483647;
			files = (
				3B8AD52F1A1FDB6A00DFFA3A /* AppDelegate.m in Sources */,
				3B8AD52C1A1FDB6A00DFFA3A /* main.m in Sources */,
				3B8AD5351A1FDB6A00DFFA3A /* ViewController.m in Sources */,
				3B8AD5321A1FDB6A00DFFA3A /* Fiddle_Stats.xcdatamodeld in Sources */,
			);
			runOnlyForDeploymentPostprocessing = 0;
		};
		3B8AD53E1A1FDB6A00DFFA3A /* Sources */ = {
			isa = PBXSourcesBuildPhase;
			buildActionMask = 2147483647;
			files = (
				3B8AD5491A1FDB6A00DFFA3A /* Fiddle_StatsTests.m in Sources */,
			);
			runOnlyForDeploymentPostprocessing = 0;
		};
/* End PBXSourcesBuildPhase section */

/* Begin PBXTargetDependency section */
		3B8AD5441A1FDB6A00DFFA3A /* PBXTargetDependency */ = {
			isa = PBXTargetDependency;
			target = 3B8AD5251A1FDB6A00DFFA3A /* Fiddle Stats */;
			targetProxy = 3B8AD5431A1FDB6A00DFFA3A /* PBXContainerItemProxy */;
		};
/* End PBXTargetDependency section */

/* Begin PBXVariantGroup section */
		3B8AD5361A1FDB6A00DFFA3A /* Main.storyboard */ = {
			isa = PBXVariantGroup;
			children = (
				3B8AD5371A1FDB6A00DFFA3A /* Base */,
			);
			name = Main.storyboard;
			sourceTree = "<group>";
		};
		3B8AD53B1A1FDB6A00DFFA3A /* LaunchScreen.xib */ = {
			isa = PBXVariantGroup;
			children = (
				3B8AD53C1A1FDB6A00DFFA3A /* Base */,
			);
			name = LaunchScreen.xib;
			sourceTree = "<group>";
		};
/* End PBXVariantGroup section */

/* Begin XCBuildConfiguration section */
		3B8AD54A1A1FDB6A00DFFA3A /* Debug */ = {
			isa = XCBuildConfiguration;
			buildSettings = {
				ALWAYS_SEARCH_USER_PATHS = NO;
				CLANG_CXX_LANGUAGE_STANDARD = "gnu++0x";
				CLANG_CXX_LIBRARY = "libc++";
				CLANG_ENABLE_MODULES = YES;
				CLANG_ENABLE_OBJC_ARC = YES;
				CLANG_WARN_BOOL_CONVERSION = YES;
				CLANG_WARN_CONSTANT_CONVERSION = YES;
				CLANG_WARN_DIRECT_OBJC_ISA_USAGE = YES_ERROR;
				CLANG_WARN_EMPTY_BODY = YES;
				CLANG_WARN_ENUM_CONVERSION = YES;
				CLANG_WARN_INT_CONVERSION = YES;
				CLANG_WARN_OBJC_ROOT_CLASS = YES_ERROR;
				CLANG_WARN_UNREACHABLE_CODE = YES;
				CLANG_WARN__DUPLICATE_METHOD_MATCH = YES;
				"CODE_SIGN_IDENTITY[sdk=iphoneos*]" = "iPhone Developer";
				COPY_PHASE_STRIP = NO;
				ENABLE_STRICT_OBJC_MSGSEND = YES;
				GCC_C_LANGUAGE_STANDARD = gnu99;
				GCC_DYNAMIC_NO_PIC = NO;
				GCC_OPTIMIZATION_LEVEL = 0;
				GCC_PREPROCESSOR_DEFINITIONS = (
					"DEBUG=1",
					"$(inherited)",
				);
				GCC_SYMBOLS_PRIVATE_EXTERN = NO;
				GCC_WARN_64_TO_32_BIT_CONVERSION = YES;
				GCC_WARN_ABOUT_RETURN_TYPE = YES_ERROR;
				GCC_WARN_UNDECLARED_SELECTOR = YES;
				GCC_WARN_UNINITIALIZED_AUTOS = YES_AGGRESSIVE;
				GCC_WARN_UNUSED_FUNCTION = YES;
				GCC_WARN_UNUSED_VARIABLE = YES;
				IPHONEOS_DEPLOYMENT_TARGET = 8.1;
				MTL_ENABLE_DEBUG_INFO = YES;
				ONLY_ACTIVE_ARCH = YES;
				SDKROOT = iphoneos;
			};
			name = Debug;
		};
		3B8AD54B1A1FDB6A00DFFA3A /* Release */ = {
			isa = XCBuildConfiguration;
			buildSettings = {
				ALWAYS_SEARCH_USER_PATHS = NO;
				CLANG_CXX_LANGUAGE_STANDARD = "gnu++0x";
				CLANG_CXX_LIBRARY = "libc++";
				CLANG_ENABLE_MODULES = YES;
				CLANG_ENABLE_OBJC_ARC = YES;
				CLANG_WARN_BOOL_CONVERSION = YES;
				CLANG_WARN_CONSTANT_CONVERSION = YES;
				CLANG_WARN_DIRECT_OBJC_ISA_USAGE = YES_ERROR;
				CLANG_WARN_EMPTY_BODY = YES;
				CLANG_WARN_ENUM_CONVERSION = YES;
				CLANG_WARN_INT_CONVERSION = YES;
				CLANG_WARN_OBJC_ROOT_CLASS = YES_ERROR;
				CLANG_WARN_UNREACHABLE_CODE = YES;
				CLANG_WARN__DUPLICATE_METHOD_MATCH = YES;
				"CODE_SIGN_IDENTITY[sdk=iphoneos*]" = "iPhone Developer";
				COPY_PHASE_STRIP = YES;
				ENABLE_NS_ASSERTIONS = NO;
				ENABLE_STRICT_OBJC_MSGSEND = YES;
				GCC_C_LANGUAGE_STANDARD = gnu99;
				GCC_WARN_64_TO_32_BIT_CONVERSION = YES;
				GCC_WARN_ABOUT_RETURN_TYPE = YES_ERROR;
				GCC_WARN_UNDECLARED_SELECTOR = YES;
				GCC_WARN_UNINITIALIZED_AUTOS = YES_AGGRESSIVE;
				GCC_WARN_UNUSED_FUNCTION = YES;
				GCC_WARN_UNUSED_VARIABLE = YES;
				IPHONEOS_DEPLOYMENT_TARGET = 8.1;
				MTL_ENABLE_DEBUG_INFO = NO;
				SDKROOT = iphoneos;
				VALIDATE_PRODUCT = YES;
			};
			name = Release;
		};
		3B8AD54D1A1FDB6A00DFFA3A /* Debug */ = {
			isa = XCBuildConfiguration;
			buildSettings = {
				ASSETCATALOG_COMPILER_APPICON_NAME = AppIcon;
				INFOPLIST_FILE = "Fiddle Stats/Info.plist";
				LD_RUNPATH_SEARCH_PATHS = "$(inherited) @executable_path/Frameworks";
				PRODUCT_NAME = "$(TARGET_NAME)";
			};
			name = Debug;
		};
		3B8AD54E1A1FDB6A00DFFA3A /* Release */ = {
			isa = XCBuildConfiguration;
			buildSettings = {
				ASSETCATALOG_COMPILER_APPICON_NAME = AppIcon;
				INFOPLIST_FILE = "Fiddle Stats/Info.plist";
				LD_RUNPATH_SEARCH_PATHS = "$(inherited) @executable_path/Frameworks";
				PRODUCT_NAME = "$(TARGET_NAME)";
			};
			name = Release;
		};
		3B8AD5501A1FDB6A00DFFA3A /* Debug */ = {
			isa = XCBuildConfiguration;
			buildSettings = {
				BUNDLE_LOADER = "$(TEST_HOST)";
				FRAMEWORK_SEARCH_PATHS = (
					"$(SDKROOT)/Developer/Library/Frameworks",
					"$(inherited)",
				);
				GCC_PREPROCESSOR_DEFINITIONS = (
					"DEBUG=1",
					"$(inherited)",
				);
				INFOPLIST_FILE = "Fiddle StatsTests/Info.plist";
				LD_RUNPATH_SEARCH_PATHS = "$(inherited) @executable_path/Frameworks @loader_path/Frameworks";
				PRODUCT_NAME = "$(TARGET_NAME)";
				TEST_HOST = "$(BUILT_PRODUCTS_DIR)/Fiddle Stats.app/Fiddle Stats";
			};
			name = Debug;
		};
		3B8AD5511A1FDB6A00DFFA3A /* Release */ = {
			isa = XCBuildConfiguration;
			buildSettings = {
				BUNDLE_LOADER = "$(TEST_HOST)";
				FRAMEWORK_SEARCH_PATHS = (
					"$(SDKROOT)/Developer/Library/Frameworks",
					"$(inherited)",
				);
				INFOPLIST_FILE = "Fiddle StatsTests/Info.plist";
				LD_RUNPATH_SEARCH_PATHS = "$(inherited) @executable_path/Frameworks @loader_path/Frameworks";
				PRODUCT_NAME = "$(TARGET_NAME)";
				TEST_HOST = "$(BUILT_PRODUCTS_DIR)/Fiddle Stats.app/Fiddle Stats";
			};
			name = Release;
		};
/* End XCBuildConfiguration section */

/* Begin XCConfigurationList section */
		3B8AD5211A1FDB6A00DFFA3A /* Build configuration list for PBXProject "Fiddle Stats" */ = {
			isa = XCConfigurationList;
			buildConfigurations = (
				3B8AD54A1A1FDB6A00DFFA3A /* Debug */,
				3B8AD54B1A1FDB6A00DFFA3A /* Release */,
			);
			defaultConfigurationIsVisible = 0;
			defaultConfigurationName = Release;
		};
		3B8AD54C1A1FDB6A00DFFA3A /* Build configuration list for PBXNativeTarget "Fiddle Stats" */ = {
			isa = XCConfigurationList;
			buildConfigurations = (
				3B8AD54D1A1FDB6A00DFFA3A /* Debug */,
				3B8AD54E1A1FDB6A00DFFA3A /* Release */,
			);
			defaultConfigurationIsVisible = 0;
		};
		3B8AD54F1A1FDB6A00DFFA3A /* Build configuration list for PBXNativeTarget "Fiddle StatsTests" */ = {
			isa = XCConfigurationList;
			buildConfigurations = (
				3B8AD5501A1FDB6A00DFFA3A /* Debug */,
				3B8AD5511A1FDB6A00DFFA3A /* Release */,
			);
			defaultConfigurationIsVisible = 0;
		};
/* End XCConfigurationList section */

/* Begin XCVersionGroup section */
		3B8AD5301A1FDB6A00DFFA3A /* Fiddle_Stats.xcdatamodeld */ = {
			isa = XCVersionGroup;
			children = (
				3B8AD5311A1FDB6A00DFFA3A /* Fiddle_Stats.xcdatamodel */,
			);
			currentVersion = 3B8AD5311A1FDB6A00DFFA3A /* Fiddle_Stats.xcdatamodel */;
			path = Fiddle_Stats.xcdatamodeld;
			sourceTree = "<group>";
			versionGroupType = wrapper.xcdatamodel;
		};
/* End XCVersionGroup section */
	};
	rootObject = 3B8AD51E1A1FDB6A00DFFA3A /* Project object */;
}
