// !$*UTF8*$!
{
	archiveVersion = 1;
	classes = {
	};
	objectVersion = 46;
	objects = {

/* Begin PBXBuildFile section */
		2C01A4C03A46E64E746BA2E7 /* libPods.a in Frameworks */ = {isa = PBXBuildFile; fileRef = F0B7A333A5F8F0B05CD2A390 /* libPods.a */; };
		3B052B5E1A21A52E00665F23 /* Match+APIMethods.m in Sources */ = {isa = PBXBuildFile; fileRef = 3B052B5D1A21A52E00665F23 /* Match+APIMethods.m */; };
		3B052B651A21C48400665F23 /* CRBlockButton.m in Sources */ = {isa = PBXBuildFile; fileRef = 3B052B641A21C48400665F23 /* CRBlockButton.m */; };
		3B052B681A21D3E300665F23 /* UIView+Effects.m in Sources */ = {isa = PBXBuildFile; fileRef = 3B052B671A21D3E300665F23 /* UIView+Effects.m */; };
		3B0681711A25D657009B2F6E /* FSDataDelegate.m in Sources */ = {isa = PBXBuildFile; fileRef = 3B0681701A25D657009B2F6E /* FSDataDelegate.m */; };
		3B0681741A25E8D3009B2F6E /* FSDataPair.m in Sources */ = {isa = PBXBuildFile; fileRef = 3B0681731A25E8D3009B2F6E /* FSDataPair.m */; };
		3B12AC5A1A2E7B8600016610 /* UINavigationController+Helpers.m in Sources */ = {isa = PBXBuildFile; fileRef = 3B12AC591A2E7B8600016610 /* UINavigationController+Helpers.m */; };
		3B1CD9491A7A157D004601DA /* FSItemTableViewCell.xib in Resources */ = {isa = PBXBuildFile; fileRef = 3B1CD9481A7A157D004601DA /* FSItemTableViewCell.xib */; };
		3B1CD94C1A7A194C004601DA /* FSItemTableViewCell.m in Sources */ = {isa = PBXBuildFile; fileRef = 3B1CD94B1A7A194C004601DA /* FSItemTableViewCell.m */; };
		3B2ABF9A1A36E4810095C015 /* Summoner.m in Sources */ = {isa = PBXBuildFile; fileRef = 3B2ABF991A36E4810095C015 /* Summoner.m */; };
		3B2F489C1A71A34000A80AA0 /* SummonerGroup.m in Sources */ = {isa = PBXBuildFile; fileRef = 3B2F489B1A71A34000A80AA0 /* SummonerGroup.m */; };
		3B2F48BD1A71AE4400A80AA0 /* MatchTeam.m in Sources */ = {isa = PBXBuildFile; fileRef = 3B2F48BC1A71AE4400A80AA0 /* MatchTeam.m */; };
		3B2F48C31A71B2B700A80AA0 /* MatchParticipant+Helpers.m in Sources */ = {isa = PBXBuildFile; fileRef = 3B2F48C21A71B2B700A80AA0 /* MatchParticipant+Helpers.m */; };
		3B2F48C61A71B67600A80AA0 /* MatchParticipantIdentity+Helpers.m in Sources */ = {isa = PBXBuildFile; fileRef = 3B2F48C51A71B67600A80AA0 /* MatchParticipantIdentity+Helpers.m */; };
		3B2F48C91A71B68F00A80AA0 /* MatchParticipantStats+Helpers.m in Sources */ = {isa = PBXBuildFile; fileRef = 3B2F48C81A71B68F00A80AA0 /* MatchParticipantStats+Helpers.m */; };
		3B2F48CC1A71B86900A80AA0 /* MatchParticipantIdentity.m in Sources */ = {isa = PBXBuildFile; fileRef = 3B2F48CB1A71B86900A80AA0 /* MatchParticipantIdentity.m */; };
		3B2F48CF1A71B9FF00A80AA0 /* MatchParticipant.m in Sources */ = {isa = PBXBuildFile; fileRef = 3B2F48CE1A71B9FF00A80AA0 /* MatchParticipant.m */; };
		3B2F48D51A71D92A00A80AA0 /* MatchParticipantStats.m in Sources */ = {isa = PBXBuildFile; fileRef = 3B2F48D41A71D92A00A80AA0 /* MatchParticipantStats.m */; };
		3B2F48D71A72FD2800A80AA0 /* AppProperties.plist in Resources */ = {isa = PBXBuildFile; fileRef = 3B2F48D61A72FD2800A80AA0 /* AppProperties.plist */; };
		3B3948C41A5546150091B5AD /* FSSettingsTableViewController.m in Sources */ = {isa = PBXBuildFile; fileRef = 3B3948C31A5546150091B5AD /* FSSettingsTableViewController.m */; };
		3B4CB0A31A2002F2003B1C67 /* FSCollectionViewCell.m in Sources */ = {isa = PBXBuildFile; fileRef = 3B4CB0A21A2002F2003B1C67 /* FSCollectionViewCell.m */; };
		3B5F8B811A2F12EB00CE3AC5 /* FSNavigationController.m in Sources */ = {isa = PBXBuildFile; fileRef = 3B5F8B801A2F12EB00CE3AC5 /* FSNavigationController.m */; };
		3B8AD52C1A1FDB6A00DFFA3A /* main.m in Sources */ = {isa = PBXBuildFile; fileRef = 3B8AD52B1A1FDB6A00DFFA3A /* main.m */; };
		3B8AD52F1A1FDB6A00DFFA3A /* AppDelegate.m in Sources */ = {isa = PBXBuildFile; fileRef = 3B8AD52E1A1FDB6A00DFFA3A /* AppDelegate.m */; };
		3B8AD5321A1FDB6A00DFFA3A /* Fiddle_Stats.xcdatamodeld in Sources */ = {isa = PBXBuildFile; fileRef = 3B8AD5301A1FDB6A00DFFA3A /* Fiddle_Stats.xcdatamodeld */; };
		3B8AD5351A1FDB6A00DFFA3A /* FSMainViewController.m in Sources */ = {isa = PBXBuildFile; fileRef = 3B8AD5341A1FDB6A00DFFA3A /* FSMainViewController.m */; };
		3B8AD53A1A1FDB6A00DFFA3A /* Images.xcassets in Resources */ = {isa = PBXBuildFile; fileRef = 3B8AD5391A1FDB6A00DFFA3A /* Images.xcassets */; };
		3B8AD53D1A1FDB6A00DFFA3A /* LaunchScreen.xib in Resources */ = {isa = PBXBuildFile; fileRef = 3B8AD53B1A1FDB6A00DFFA3A /* LaunchScreen.xib */; };
		3B8AD5491A1FDB6A00DFFA3A /* Fiddle_StatsTests.m in Sources */ = {isa = PBXBuildFile; fileRef = 3B8AD5481A1FDB6A00DFFA3A /* Fiddle_StatsTests.m */; };
		3B917A871A83617B00ED75E0 /* NSObject+BlitMethodSwizzling.m in Sources */ = {isa = PBXBuildFile; fileRef = 3B917A821A83617B00ED75E0 /* NSObject+BlitMethodSwizzling.m */; };
		3B917A881A83617B00ED75E0 /* UIPopoverController+BlitFeedbackAdditions.m in Sources */ = {isa = PBXBuildFile; fileRef = 3B917A841A83617B00ED75E0 /* UIPopoverController+BlitFeedbackAdditions.m */; };
		3B9A17A31A6BC11900473700 /* Main.storyboard in Resources */ = {isa = PBXBuildFile; fileRef = 3B9A17A11A6BC11900473700 /* Main.storyboard */; };
		3B9A17A61A6BCB6E00473700 /* FSDrawerTableViewController.m in Sources */ = {isa = PBXBuildFile; fileRef = 3B9A17A51A6BCB6E00473700 /* FSDrawerTableViewController.m */; };
		3B9A17BA1A6D0F1800473700 /* FSGameOverviewCell.xib in Resources */ = {isa = PBXBuildFile; fileRef = 3B9A17B91A6D0F1800473700 /* FSGameOverviewCell.xib */; };
		3B9A17BD1A6D155300473700 /* FSGameOverviewCell.m in Sources */ = {isa = PBXBuildFile; fileRef = 3B9A17BC1A6D155300473700 /* FSGameOverviewCell.m */; };
		3B9A17C01A6D15C300473700 /* FSMatchCollectionViewController.m in Sources */ = {isa = PBXBuildFile; fileRef = 3B9A17BF1A6D15C300473700 /* FSMatchCollectionViewController.m */; };
		3B9A17C51A6D4FF200473700 /* FSGamePlayerCell.xib in Resources */ = {isa = PBXBuildFile; fileRef = 3B9A17C41A6D4FF200473700 /* FSGamePlayerCell.xib */; };
		3B9A17C81A6D55E700473700 /* FSGamePlayerCell.m in Sources */ = {isa = PBXBuildFile; fileRef = 3B9A17C71A6D55E700473700 /* FSGamePlayerCell.m */; };
		3B9D1A601A32C9E00052787C /* FSCollectionViewCell.xib in Resources */ = {isa = PBXBuildFile; fileRef = 3B9D1A5F1A32C9E00052787C /* FSCollectionViewCell.xib */; };
		3B9D1A621A3303E50052787C /* FSMatchTableViewCell.xib in Resources */ = {isa = PBXBuildFile; fileRef = 3B9D1A611A3303E50052787C /* FSMatchTableViewCell.xib */; };
		3B9D1A651A344BC70052787C /* FSMatchTableViewCell.m in Sources */ = {isa = PBXBuildFile; fileRef = 3B9D1A641A344BC70052787C /* FSMatchTableViewCell.m */; };
		3BA0B5B71A762B8200211EED /* Item.m in Sources */ = {isa = PBXBuildFile; fileRef = 3BA0B5B61A762B8200211EED /* Item.m */; };
		3BA0B5BA1A762BA500211EED /* Item+APIMethods.m in Sources */ = {isa = PBXBuildFile; fileRef = 3BA0B5B91A762BA500211EED /* Item+APIMethods.m */; };
		3BA0B5BE1A763C0200211EED /* CRDataManager.m in Sources */ = {isa = PBXBuildFile; fileRef = 3BA0B5BD1A763C0200211EED /* CRDataManager.m */; };
		3BA11FCA1A2F227D00AFC8EB /* Champion.m in Sources */ = {isa = PBXBuildFile; fileRef = 3BA11FC91A2F227D00AFC8EB /* Champion.m */; };
		3BA11FCD1A2F22A200AFC8EB /* Champion+APIMethods.m in Sources */ = {isa = PBXBuildFile; fileRef = 3BA11FCC1A2F22A200AFC8EB /* Champion+APIMethods.m */; };
		3BA9A9F91A781875002FB316 /* Crashlytics.framework in Frameworks */ = {isa = PBXBuildFile; fileRef = 3BA9A9F71A781875002FB316 /* Crashlytics.framework */; };
		3BA9A9FA1A781875002FB316 /* Fabric.framework in Frameworks */ = {isa = PBXBuildFile; fileRef = 3BA9A9F81A781875002FB316 /* Fabric.framework */; };
		3BA9A9FE1A78E91C002FB316 /* FSMatchPlayerCell.xib in Resources */ = {isa = PBXBuildFile; fileRef = 3BA9A9FD1A78E91C002FB316 /* FSMatchPlayerCell.xib */; };
		3BA9AA011A78EED6002FB316 /* FSMatchPlayerCollectionViewCell.m in Sources */ = {isa = PBXBuildFile; fileRef = 3BA9AA001A78EED6002FB316 /* FSMatchPlayerCollectionViewCell.m */; };
		3BD24E7D1A96E6CB00196EEF /* Match.m in Sources */ = {isa = PBXBuildFile; fileRef = 3BD24E7C1A96E6CB00196EEF /* Match.m */; };
		3BEEE5871A3691DD00CEFE9F /* SummonerGroup+Helpers.m in Sources */ = {isa = PBXBuildFile; fileRef = 3BEEE5861A3691DD00CEFE9F /* SummonerGroup+Helpers.m */; };
		3BF2263B1A1FE3CB004EB614 /* UIColor+AppColors.m in Sources */ = {isa = PBXBuildFile; fileRef = 3BF2263A1A1FE3CB004EB614 /* UIColor+AppColors.m */; };
		3BF226411A1FE3E0004EB614 /* Summoner+APIMethods.m in Sources */ = {isa = PBXBuildFile; fileRef = 3BF2263F1A1FE3E0004EB614 /* Summoner+APIMethods.m */; };
		3BF226471A1FE47A004EB614 /* CRFiddleAPIClient.m in Sources */ = {isa = PBXBuildFile; fileRef = 3BF226461A1FE47A004EB614 /* CRFiddleAPIClient.m */; };
		3BF2264A1A1FE57C004EB614 /* CoreText.framework in Frameworks */ = {isa = PBXBuildFile; fileRef = 3BF226491A1FE57C004EB614 /* CoreText.framework */; };
		3BF472E81A25C78F000A93DA /* FSPlayerTableViewController.m in Sources */ = {isa = PBXBuildFile; fileRef = 3BF472E71A25C78F000A93DA /* FSPlayerTableViewController.m */; };
		3BF6B9791A479478007C10BF /* CRCheckMark.m in Sources */ = {isa = PBXBuildFile; fileRef = 3BF6B9781A479478007C10BF /* CRCheckMark.m */; };
		3BF6B97C1A4C1ED2007C10BF /* FSSummonerGroupViewController.m in Sources */ = {isa = PBXBuildFile; fileRef = 3BF6B97B1A4C1ED2007C10BF /* FSSummonerGroupViewController.m */; };
/* End PBXBuildFile section */

/* Begin PBXContainerItemProxy section */
		3B8AD5431A1FDB6A00DFFA3A /* PBXContainerItemProxy */ = {
			isa = PBXContainerItemProxy;
			containerPortal = 3B8AD51E1A1FDB6A00DFFA3A /* Project object */;
			proxyType = 1;
			remoteGlobalIDString = 3B8AD5251A1FDB6A00DFFA3A;
			remoteInfo = "Fiddle Stats";
		};
/* End PBXContainerItemProxy section */

/* Begin PBXFileReference section */
		164CE89A1C54E2BABA16D866 /* Pods.debug.xcconfig */ = {isa = PBXFileReference; includeInIndex = 1; lastKnownFileType = text.xcconfig; name = Pods.debug.xcconfig; path = "Pods/Target Support Files/Pods/Pods.debug.xcconfig"; sourceTree = "<group>"; };
		3B052B5C1A21A52E00665F23 /* Match+APIMethods.h */ = {isa = PBXFileReference; fileEncoding = 4; lastKnownFileType = sourcecode.c.h; path = "Match+APIMethods.h"; sourceTree = "<group>"; };
		3B052B5D1A21A52E00665F23 /* Match+APIMethods.m */ = {isa = PBXFileReference; fileEncoding = 4; lastKnownFileType = sourcecode.c.objc; path = "Match+APIMethods.m"; sourceTree = "<group>"; };
		3B052B631A21C48400665F23 /* CRBlockButton.h */ = {isa = PBXFileReference; fileEncoding = 4; lastKnownFileType = sourcecode.c.h; path = CRBlockButton.h; sourceTree = "<group>"; };
		3B052B641A21C48400665F23 /* CRBlockButton.m */ = {isa = PBXFileReference; fileEncoding = 4; lastKnownFileType = sourcecode.c.objc; path = CRBlockButton.m; sourceTree = "<group>"; };
		3B052B661A21D3E300665F23 /* UIView+Effects.h */ = {isa = PBXFileReference; fileEncoding = 4; lastKnownFileType = sourcecode.c.h; path = "UIView+Effects.h"; sourceTree = "<group>"; };
		3B052B671A21D3E300665F23 /* UIView+Effects.m */ = {isa = PBXFileReference; fileEncoding = 4; lastKnownFileType = sourcecode.c.objc; path = "UIView+Effects.m"; sourceTree = "<group>"; };
		3B06816F1A25D657009B2F6E /* FSDataDelegate.h */ = {isa = PBXFileReference; fileEncoding = 4; lastKnownFileType = sourcecode.c.h; path = FSDataDelegate.h; sourceTree = "<group>"; };
		3B0681701A25D657009B2F6E /* FSDataDelegate.m */ = {isa = PBXFileReference; fileEncoding = 4; lastKnownFileType = sourcecode.c.objc; path = FSDataDelegate.m; sourceTree = "<group>"; };
		3B0681721A25E8D3009B2F6E /* FSDataPair.h */ = {isa = PBXFileReference; fileEncoding = 4; lastKnownFileType = sourcecode.c.h; path = FSDataPair.h; sourceTree = "<group>"; };
		3B0681731A25E8D3009B2F6E /* FSDataPair.m */ = {isa = PBXFileReference; fileEncoding = 4; lastKnownFileType = sourcecode.c.objc; path = FSDataPair.m; sourceTree = "<group>"; };
		3B12AC571A2E74E600016610 /* FSSummonerDataSource.h */ = {isa = PBXFileReference; fileEncoding = 4; lastKnownFileType = sourcecode.c.h; path = FSSummonerDataSource.h; sourceTree = "<group>"; };
		3B12AC581A2E7B8600016610 /* UINavigationController+Helpers.h */ = {isa = PBXFileReference; fileEncoding = 4; lastKnownFileType = sourcecode.c.h; path = "UINavigationController+Helpers.h"; sourceTree = "<group>"; };
		3B12AC591A2E7B8600016610 /* UINavigationController+Helpers.m */ = {isa = PBXFileReference; fileEncoding = 4; lastKnownFileType = sourcecode.c.objc; path = "UINavigationController+Helpers.m"; sourceTree = "<group>"; };
		3B1CD9481A7A157D004601DA /* FSItemTableViewCell.xib */ = {isa = PBXFileReference; fileEncoding = 4; lastKnownFileType = file.xib; path = FSItemTableViewCell.xib; sourceTree = "<group>"; };
		3B1CD94A1A7A194C004601DA /* FSItemTableViewCell.h */ = {isa = PBXFileReference; fileEncoding = 4; lastKnownFileType = sourcecode.c.h; path = FSItemTableViewCell.h; sourceTree = "<group>"; };
		3B1CD94B1A7A194C004601DA /* FSItemTableViewCell.m */ = {isa = PBXFileReference; fileEncoding = 4; lastKnownFileType = sourcecode.c.objc; path = FSItemTableViewCell.m; sourceTree = "<group>"; };
		3B2ABF981A36E4810095C015 /* Summoner.h */ = {isa = PBXFileReference; fileEncoding = 4; lastKnownFileType = sourcecode.c.h; path = Summoner.h; sourceTree = "<group>"; };
		3B2ABF991A36E4810095C015 /* Summoner.m */ = {isa = PBXFileReference; fileEncoding = 4; lastKnownFileType = sourcecode.c.objc; path = Summoner.m; sourceTree = "<group>"; };
		3B2F489A1A71A34000A80AA0 /* SummonerGroup.h */ = {isa = PBXFileReference; fileEncoding = 4; lastKnownFileType = sourcecode.c.h; path = SummonerGroup.h; sourceTree = "<group>"; };
		3B2F489B1A71A34000A80AA0 /* SummonerGroup.m */ = {isa = PBXFileReference; fileEncoding = 4; lastKnownFileType = sourcecode.c.objc; path = SummonerGroup.m; sourceTree = "<group>"; };
		3B2F48BB1A71AE4400A80AA0 /* MatchTeam.h */ = {isa = PBXFileReference; fileEncoding = 4; lastKnownFileType = sourcecode.c.h; path = MatchTeam.h; sourceTree = "<group>"; };
		3B2F48BC1A71AE4400A80AA0 /* MatchTeam.m */ = {isa = PBXFileReference; fileEncoding = 4; lastKnownFileType = sourcecode.c.objc; path = MatchTeam.m; sourceTree = "<group>"; };
		3B2F48C11A71B2B700A80AA0 /* MatchParticipant+Helpers.h */ = {isa = PBXFileReference; fileEncoding = 4; lastKnownFileType = sourcecode.c.h; path = "MatchParticipant+Helpers.h"; sourceTree = "<group>"; };
		3B2F48C21A71B2B700A80AA0 /* MatchParticipant+Helpers.m */ = {isa = PBXFileReference; fileEncoding = 4; lastKnownFileType = sourcecode.c.objc; path = "MatchParticipant+Helpers.m"; sourceTree = "<group>"; };
		3B2F48C41A71B67600A80AA0 /* MatchParticipantIdentity+Helpers.h */ = {isa = PBXFileReference; fileEncoding = 4; lastKnownFileType = sourcecode.c.h; path = "MatchParticipantIdentity+Helpers.h"; sourceTree = "<group>"; };
		3B2F48C51A71B67600A80AA0 /* MatchParticipantIdentity+Helpers.m */ = {isa = PBXFileReference; fileEncoding = 4; lastKnownFileType = sourcecode.c.objc; path = "MatchParticipantIdentity+Helpers.m"; sourceTree = "<group>"; };
		3B2F48C71A71B68F00A80AA0 /* MatchParticipantStats+Helpers.h */ = {isa = PBXFileReference; fileEncoding = 4; lastKnownFileType = sourcecode.c.h; path = "MatchParticipantStats+Helpers.h"; sourceTree = "<group>"; };
		3B2F48C81A71B68F00A80AA0 /* MatchParticipantStats+Helpers.m */ = {isa = PBXFileReference; fileEncoding = 4; lastKnownFileType = sourcecode.c.objc; path = "MatchParticipantStats+Helpers.m"; sourceTree = "<group>"; };
		3B2F48CA1A71B86900A80AA0 /* MatchParticipantIdentity.h */ = {isa = PBXFileReference; fileEncoding = 4; lastKnownFileType = sourcecode.c.h; path = MatchParticipantIdentity.h; sourceTree = "<group>"; };
		3B2F48CB1A71B86900A80AA0 /* MatchParticipantIdentity.m */ = {isa = PBXFileReference; fileEncoding = 4; lastKnownFileType = sourcecode.c.objc; path = MatchParticipantIdentity.m; sourceTree = "<group>"; };
		3B2F48CD1A71B9FF00A80AA0 /* MatchParticipant.h */ = {isa = PBXFileReference; fileEncoding = 4; lastKnownFileType = sourcecode.c.h; path = MatchParticipant.h; sourceTree = "<group>"; };
		3B2F48CE1A71B9FF00A80AA0 /* MatchParticipant.m */ = {isa = PBXFileReference; fileEncoding = 4; lastKnownFileType = sourcecode.c.objc; path = MatchParticipant.m; sourceTree = "<group>"; };
		3B2F48D31A71D92A00A80AA0 /* MatchParticipantStats.h */ = {isa = PBXFileReference; fileEncoding = 4; lastKnownFileType = sourcecode.c.h; path = MatchParticipantStats.h; sourceTree = "<group>"; };
		3B2F48D41A71D92A00A80AA0 /* MatchParticipantStats.m */ = {isa = PBXFileReference; fileEncoding = 4; lastKnownFileType = sourcecode.c.objc; path = MatchParticipantStats.m; sourceTree = "<group>"; };
		3B2F48D61A72FD2800A80AA0 /* AppProperties.plist */ = {isa = PBXFileReference; fileEncoding = 4; lastKnownFileType = text.plist.xml; path = AppProperties.plist; sourceTree = "<group>"; };
		3B2F48D81A7302D700A80AA0 /* FSMatchDataSource.h */ = {isa = PBXFileReference; fileEncoding = 4; lastKnownFileType = sourcecode.c.h; path = FSMatchDataSource.h; sourceTree = "<group>"; };
		3B3948C21A5546150091B5AD /* FSSettingsTableViewController.h */ = {isa = PBXFileReference; fileEncoding = 4; lastKnownFileType = sourcecode.c.h; path = FSSettingsTableViewController.h; sourceTree = "<group>"; };
		3B3948C31A5546150091B5AD /* FSSettingsTableViewController.m */ = {isa = PBXFileReference; fileEncoding = 4; lastKnownFileType = sourcecode.c.objc; path = FSSettingsTableViewController.m; sourceTree = "<group>"; };
		3B4CB0A11A2002F2003B1C67 /* FSCollectionViewCell.h */ = {isa = PBXFileReference; fileEncoding = 4; lastKnownFileType = sourcecode.c.h; path = FSCollectionViewCell.h; sourceTree = "<group>"; };
		3B4CB0A21A2002F2003B1C67 /* FSCollectionViewCell.m */ = {isa = PBXFileReference; fileEncoding = 4; lastKnownFileType = sourcecode.c.objc; path = FSCollectionViewCell.m; sourceTree = "<group>"; };
		3B5F8B7F1A2F12EB00CE3AC5 /* FSNavigationController.h */ = {isa = PBXFileReference; fileEncoding = 4; lastKnownFileType = sourcecode.c.h; path = FSNavigationController.h; sourceTree = "<group>"; };
		3B5F8B801A2F12EB00CE3AC5 /* FSNavigationController.m */ = {isa = PBXFileReference; fileEncoding = 4; lastKnownFileType = sourcecode.c.objc; path = FSNavigationController.m; sourceTree = "<group>"; };
		3B8AD5261A1FDB6A00DFFA3A /* Fiddle Stats.app */ = {isa = PBXFileReference; explicitFileType = wrapper.application; includeInIndex = 0; path = "Fiddle Stats.app"; sourceTree = BUILT_PRODUCTS_DIR; };
		3B8AD52A1A1FDB6A00DFFA3A /* Info.plist */ = {isa = PBXFileReference; lastKnownFileType = text.plist.xml; path = Info.plist; sourceTree = "<group>"; };
		3B8AD52B1A1FDB6A00DFFA3A /* main.m */ = {isa = PBXFileReference; lastKnownFileType = sourcecode.c.objc; path = main.m; sourceTree = "<group>"; };
		3B8AD52D1A1FDB6A00DFFA3A /* AppDelegate.h */ = {isa = PBXFileReference; lastKnownFileType = sourcecode.c.h; path = AppDelegate.h; sourceTree = "<group>"; };
		3B8AD52E1A1FDB6A00DFFA3A /* AppDelegate.m */ = {isa = PBXFileReference; lastKnownFileType = sourcecode.c.objc; path = AppDelegate.m; sourceTree = "<group>"; };
		3B8AD5311A1FDB6A00DFFA3A /* Fiddle_Stats.xcdatamodel */ = {isa = PBXFileReference; lastKnownFileType = wrapper.xcdatamodel; path = Fiddle_Stats.xcdatamodel; sourceTree = "<group>"; };
		3B8AD5331A1FDB6A00DFFA3A /* FSMainViewController.h */ = {isa = PBXFileReference; lastKnownFileType = sourcecode.c.h; path = FSMainViewController.h; sourceTree = "<group>"; };
		3B8AD5341A1FDB6A00DFFA3A /* FSMainViewController.m */ = {isa = PBXFileReference; lastKnownFileType = sourcecode.c.objc; path = FSMainViewController.m; sourceTree = "<group>"; };
		3B8AD5391A1FDB6A00DFFA3A /* Images.xcassets */ = {isa = PBXFileReference; lastKnownFileType = folder.assetcatalog; path = Images.xcassets; sourceTree = "<group>"; };
		3B8AD53C1A1FDB6A00DFFA3A /* Base */ = {isa = PBXFileReference; lastKnownFileType = file.xib; name = Base; path = Base.lproj/LaunchScreen.xib; sourceTree = "<group>"; };
		3B8AD5421A1FDB6A00DFFA3A /* Fiddle StatsTests.xctest */ = {isa = PBXFileReference; explicitFileType = wrapper.cfbundle; includeInIndex = 0; path = "Fiddle StatsTests.xctest"; sourceTree = BUILT_PRODUCTS_DIR; };
		3B8AD5471A1FDB6A00DFFA3A /* Info.plist */ = {isa = PBXFileReference; lastKnownFileType = text.plist.xml; path = Info.plist; sourceTree = "<group>"; };
		3B8AD5481A1FDB6A00DFFA3A /* Fiddle_StatsTests.m */ = {isa = PBXFileReference; lastKnownFileType = sourcecode.c.objc; path = Fiddle_StatsTests.m; sourceTree = "<group>"; };
		3B917A811A83617B00ED75E0 /* NSObject+BlitMethodSwizzling.h */ = {isa = PBXFileReference; fileEncoding = 4; lastKnownFileType = sourcecode.c.h; path = "NSObject+BlitMethodSwizzling.h"; sourceTree = "<group>"; };
		3B917A821A83617B00ED75E0 /* NSObject+BlitMethodSwizzling.m */ = {isa = PBXFileReference; fileEncoding = 4; lastKnownFileType = sourcecode.c.objc; path = "NSObject+BlitMethodSwizzling.m"; sourceTree = "<group>"; };
		3B917A831A83617B00ED75E0 /* UIPopoverController+BlitFeedbackAdditions.h */ = {isa = PBXFileReference; fileEncoding = 4; lastKnownFileType = sourcecode.c.h; path = "UIPopoverController+BlitFeedbackAdditions.h"; sourceTree = "<group>"; };
		3B917A841A83617B00ED75E0 /* UIPopoverController+BlitFeedbackAdditions.m */ = {isa = PBXFileReference; fileEncoding = 4; lastKnownFileType = sourcecode.c.objc; path = "UIPopoverController+BlitFeedbackAdditions.m"; sourceTree = "<group>"; };
		3B917A851A83617B00ED75E0 /* libBlitFeedback.a */ = {isa = PBXFileReference; lastKnownFileType = archive.ar; path = libBlitFeedback.a; sourceTree = "<group>"; };
		3B917A861A83617B00ED75E0 /* BlitFeedback.h */ = {isa = PBXFileReference; fileEncoding = 4; lastKnownFileType = sourcecode.c.h; path = BlitFeedback.h; sourceTree = "<group>"; };
		3B917A8A1A83625600ED75E0 /* AVFoundation.framework */ = {isa = PBXFileReference; lastKnownFileType = wrapper.framework; name = AVFoundation.framework; path = System/Library/Frameworks/AVFoundation.framework; sourceTree = SDKROOT; };
		3B917A8C1A83625F00ED75E0 /* CoreVideo.framework */ = {isa = PBXFileReference; lastKnownFileType = wrapper.framework; name = CoreVideo.framework; path = System/Library/Frameworks/CoreVideo.framework; sourceTree = SDKROOT; };
		3B917A8E1A83626900ED75E0 /* CoreMedia.framework */ = {isa = PBXFileReference; lastKnownFileType = wrapper.framework; name = CoreMedia.framework; path = System/Library/Frameworks/CoreMedia.framework; sourceTree = SDKROOT; };
		3B917A901A83627300ED75E0 /* libz.dylib */ = {isa = PBXFileReference; lastKnownFileType = "compiled.mach-o.dylib"; name = libz.dylib; path = usr/lib/libz.dylib; sourceTree = SDKROOT; };
		3B917A921A83627E00ED75E0 /* MediaPlayer.framework */ = {isa = PBXFileReference; lastKnownFileType = wrapper.framework; name = MediaPlayer.framework; path = System/Library/Frameworks/MediaPlayer.framework; sourceTree = SDKROOT; };
		3B917A941A83628D00ED75E0 /* MessageUI.framework */ = {isa = PBXFileReference; lastKnownFileType = wrapper.framework; name = MessageUI.framework; path = System/Library/Frameworks/MessageUI.framework; sourceTree = SDKROOT; };
		3B917A961A83629D00ED75E0 /* CoreFoundation.framework */ = {isa = PBXFileReference; lastKnownFileType = wrapper.framework; name = CoreFoundation.framework; path = System/Library/Frameworks/CoreFoundation.framework; sourceTree = SDKROOT; };
		3B917A981A8362A600ED75E0 /* CoreMotion.framework */ = {isa = PBXFileReference; lastKnownFileType = wrapper.framework; name = CoreMotion.framework; path = System/Library/Frameworks/CoreMotion.framework; sourceTree = SDKROOT; };
		3B917A9A1A8362B100ED75E0 /* SystemConfiguration.framework */ = {isa = PBXFileReference; lastKnownFileType = wrapper.framework; name = SystemConfiguration.framework; path = System/Library/Frameworks/SystemConfiguration.framework; sourceTree = SDKROOT; };
		3B9A17A21A6BC11900473700 /* Base */ = {isa = PBXFileReference; lastKnownFileType = file.storyboard; name = Base; path = "Fiddle Stats/Base.lproj/Main.storyboard"; sourceTree = "<group>"; };
		3B9A17A41A6BCB6E00473700 /* FSDrawerTableViewController.h */ = {isa = PBXFileReference; fileEncoding = 4; lastKnownFileType = sourcecode.c.h; path = FSDrawerTableViewController.h; sourceTree = "<group>"; };
		3B9A17A51A6BCB6E00473700 /* FSDrawerTableViewController.m */ = {isa = PBXFileReference; fileEncoding = 4; lastKnownFileType = sourcecode.c.objc; path = FSDrawerTableViewController.m; sourceTree = "<group>"; };
		3B9A17B91A6D0F1800473700 /* FSGameOverviewCell.xib */ = {isa = PBXFileReference; fileEncoding = 4; lastKnownFileType = file.xib; path = FSGameOverviewCell.xib; sourceTree = "<group>"; };
		3B9A17BB1A6D155300473700 /* FSGameOverviewCell.h */ = {isa = PBXFileReference; fileEncoding = 4; lastKnownFileType = sourcecode.c.h; path = FSGameOverviewCell.h; sourceTree = "<group>"; };
		3B9A17BC1A6D155300473700 /* FSGameOverviewCell.m */ = {isa = PBXFileReference; fileEncoding = 4; lastKnownFileType = sourcecode.c.objc; path = FSGameOverviewCell.m; sourceTree = "<group>"; };
		3B9A17BE1A6D15C300473700 /* FSMatchCollectionViewController.h */ = {isa = PBXFileReference; fileEncoding = 4; lastKnownFileType = sourcecode.c.h; path = FSMatchCollectionViewController.h; sourceTree = "<group>"; };
		3B9A17BF1A6D15C300473700 /* FSMatchCollectionViewController.m */ = {isa = PBXFileReference; fileEncoding = 4; lastKnownFileType = sourcecode.c.objc; path = FSMatchCollectionViewController.m; sourceTree = "<group>"; };
		3B9A17C41A6D4FF200473700 /* FSGamePlayerCell.xib */ = {isa = PBXFileReference; fileEncoding = 4; lastKnownFileType = file.xib; path = FSGamePlayerCell.xib; sourceTree = "<group>"; };
		3B9A17C61A6D55E700473700 /* FSGamePlayerCell.h */ = {isa = PBXFileReference; fileEncoding = 4; lastKnownFileType = sourcecode.c.h; path = FSGamePlayerCell.h; sourceTree = "<group>"; };
		3B9A17C71A6D55E700473700 /* FSGamePlayerCell.m */ = {isa = PBXFileReference; fileEncoding = 4; lastKnownFileType = sourcecode.c.objc; path = FSGamePlayerCell.m; sourceTree = "<group>"; };
		3B9D1A5F1A32C9E00052787C /* FSCollectionViewCell.xib */ = {isa = PBXFileReference; fileEncoding = 4; lastKnownFileType = file.xib; path = FSCollectionViewCell.xib; sourceTree = "<group>"; };
		3B9D1A611A3303E50052787C /* FSMatchTableViewCell.xib */ = {isa = PBXFileReference; fileEncoding = 4; lastKnownFileType = file.xib; path = FSMatchTableViewCell.xib; sourceTree = "<group>"; };
		3B9D1A631A344BC70052787C /* FSMatchTableViewCell.h */ = {isa = PBXFileReference; fileEncoding = 4; lastKnownFileType = sourcecode.c.h; path = FSMatchTableViewCell.h; sourceTree = "<group>"; };
		3B9D1A641A344BC70052787C /* FSMatchTableViewCell.m */ = {isa = PBXFileReference; fileEncoding = 4; lastKnownFileType = sourcecode.c.objc; path = FSMatchTableViewCell.m; sourceTree = "<group>"; };
		3BA0B5B51A762B8200211EED /* Item.h */ = {isa = PBXFileReference; fileEncoding = 4; lastKnownFileType = sourcecode.c.h; path = Item.h; sourceTree = "<group>"; };
		3BA0B5B61A762B8200211EED /* Item.m */ = {isa = PBXFileReference; fileEncoding = 4; lastKnownFileType = sourcecode.c.objc; path = Item.m; sourceTree = "<group>"; };
		3BA0B5B81A762BA500211EED /* Item+APIMethods.h */ = {isa = PBXFileReference; fileEncoding = 4; lastKnownFileType = sourcecode.c.h; path = "Item+APIMethods.h"; sourceTree = "<group>"; };
		3BA0B5B91A762BA500211EED /* Item+APIMethods.m */ = {isa = PBXFileReference; fileEncoding = 4; lastKnownFileType = sourcecode.c.objc; path = "Item+APIMethods.m"; sourceTree = "<group>"; };
		3BA0B5BC1A763C0200211EED /* CRDataManager.h */ = {isa = PBXFileReference; fileEncoding = 4; lastKnownFileType = sourcecode.c.h; path = CRDataManager.h; sourceTree = "<group>"; };
		3BA0B5BD1A763C0200211EED /* CRDataManager.m */ = {isa = PBXFileReference; fileEncoding = 4; lastKnownFileType = sourcecode.c.objc; path = CRDataManager.m; sourceTree = "<group>"; };
		3BA11FC81A2F227D00AFC8EB /* Champion.h */ = {isa = PBXFileReference; fileEncoding = 4; lastKnownFileType = sourcecode.c.h; path = Champion.h; sourceTree = "<group>"; };
		3BA11FC91A2F227D00AFC8EB /* Champion.m */ = {isa = PBXFileReference; fileEncoding = 4; lastKnownFileType = sourcecode.c.objc; path = Champion.m; sourceTree = "<group>"; };
		3BA11FCB1A2F22A200AFC8EB /* Champion+APIMethods.h */ = {isa = PBXFileReference; fileEncoding = 4; lastKnownFileType = sourcecode.c.h; path = "Champion+APIMethods.h"; sourceTree = "<group>"; };
		3BA11FCC1A2F22A200AFC8EB /* Champion+APIMethods.m */ = {isa = PBXFileReference; fileEncoding = 4; lastKnownFileType = sourcecode.c.objc; path = "Champion+APIMethods.m"; sourceTree = "<group>"; };
		3BA9A9F71A781875002FB316 /* Crashlytics.framework */ = {isa = PBXFileReference; lastKnownFileType = wrapper.framework; name = Crashlytics.framework; path = "Fiddle Stats/Crashlytics.framework"; sourceTree = "<group>"; };
		3BA9A9F81A781875002FB316 /* Fabric.framework */ = {isa = PBXFileReference; lastKnownFileType = wrapper.framework; name = Fabric.framework; path = "Fiddle Stats/Fabric.framework"; sourceTree = "<group>"; };
		3BA9A9FD1A78E91C002FB316 /* FSMatchPlayerCell.xib */ = {isa = PBXFileReference; fileEncoding = 4; lastKnownFileType = file.xib; path = FSMatchPlayerCell.xib; sourceTree = "<group>"; };
		3BA9A9FF1A78EED6002FB316 /* FSMatchPlayerCollectionViewCell.h */ = {isa = PBXFileReference; fileEncoding = 4; lastKnownFileType = sourcecode.c.h; path = FSMatchPlayerCollectionViewCell.h; sourceTree = "<group>"; };
		3BA9AA001A78EED6002FB316 /* FSMatchPlayerCollectionViewCell.m */ = {isa = PBXFileReference; fileEncoding = 4; lastKnownFileType = sourcecode.c.objc; path = FSMatchPlayerCollectionViewCell.m; sourceTree = "<group>"; };
		3BD24E7B1A96E6CB00196EEF /* Match.h */ = {isa = PBXFileReference; fileEncoding = 4; lastKnownFileType = sourcecode.c.h; path = Match.h; sourceTree = "<group>"; };
		3BD24E7C1A96E6CB00196EEF /* Match.m */ = {isa = PBXFileReference; fileEncoding = 4; lastKnownFileType = sourcecode.c.objc; path = Match.m; sourceTree = "<group>"; };
		3BEEE5851A3691DD00CEFE9F /* SummonerGroup+Helpers.h */ = {isa = PBXFileReference; fileEncoding = 4; lastKnownFileType = sourcecode.c.h; path = "SummonerGroup+Helpers.h"; sourceTree = "<group>"; };
		3BEEE5861A3691DD00CEFE9F /* SummonerGroup+Helpers.m */ = {isa = PBXFileReference; fileEncoding = 4; lastKnownFileType = sourcecode.c.objc; path = "SummonerGroup+Helpers.m"; sourceTree = "<group>"; };
		3BF226391A1FE3CB004EB614 /* UIColor+AppColors.h */ = {isa = PBXFileReference; fileEncoding = 4; lastKnownFileType = sourcecode.c.h; path = "UIColor+AppColors.h"; sourceTree = "<group>"; };
		3BF2263A1A1FE3CB004EB614 /* UIColor+AppColors.m */ = {isa = PBXFileReference; fileEncoding = 4; lastKnownFileType = sourcecode.c.objc; path = "UIColor+AppColors.m"; sourceTree = "<group>"; };
		3BF2263E1A1FE3E0004EB614 /* Summoner+APIMethods.h */ = {isa = PBXFileReference; fileEncoding = 4; lastKnownFileType = sourcecode.c.h; path = "Summoner+APIMethods.h"; sourceTree = "<group>"; };
		3BF2263F1A1FE3E0004EB614 /* Summoner+APIMethods.m */ = {isa = PBXFileReference; fileEncoding = 4; lastKnownFileType = sourcecode.c.objc; path = "Summoner+APIMethods.m"; sourceTree = "<group>"; };
		3BF226451A1FE47A004EB614 /* CRFiddleAPIClient.h */ = {isa = PBXFileReference; fileEncoding = 4; lastKnownFileType = sourcecode.c.h; path = CRFiddleAPIClient.h; sourceTree = "<group>"; };
		3BF226461A1FE47A004EB614 /* CRFiddleAPIClient.m */ = {isa = PBXFileReference; fileEncoding = 4; lastKnownFileType = sourcecode.c.objc; path = CRFiddleAPIClient.m; sourceTree = "<group>"; };
		3BF226491A1FE57C004EB614 /* CoreText.framework */ = {isa = PBXFileReference; lastKnownFileType = wrapper.framework; name = CoreText.framework; path = System/Library/Frameworks/CoreText.framework; sourceTree = SDKROOT; };
		3BF2264B1A1FE582004EB614 /* QuartzCore.framework */ = {isa = PBXFileReference; lastKnownFileType = wrapper.framework; name = QuartzCore.framework; path = System/Library/Frameworks/QuartzCore.framework; sourceTree = SDKROOT; };
		3BF472E61A25C78F000A93DA /* FSPlayerTableViewController.h */ = {isa = PBXFileReference; fileEncoding = 4; lastKnownFileType = sourcecode.c.h; path = FSPlayerTableViewController.h; sourceTree = "<group>"; };
		3BF472E71A25C78F000A93DA /* FSPlayerTableViewController.m */ = {isa = PBXFileReference; fileEncoding = 4; lastKnownFileType = sourcecode.c.objc; path = FSPlayerTableViewController.m; sourceTree = "<group>"; };
		3BF6B9771A479478007C10BF /* CRCheckMark.h */ = {isa = PBXFileReference; fileEncoding = 4; lastKnownFileType = sourcecode.c.h; path = CRCheckMark.h; sourceTree = "<group>"; };
		3BF6B9781A479478007C10BF /* CRCheckMark.m */ = {isa = PBXFileReference; fileEncoding = 4; lastKnownFileType = sourcecode.c.objc; path = CRCheckMark.m; sourceTree = "<group>"; };
		3BF6B97A1A4C1ED2007C10BF /* FSSummonerGroupViewController.h */ = {isa = PBXFileReference; fileEncoding = 4; lastKnownFileType = sourcecode.c.h; path = FSSummonerGroupViewController.h; sourceTree = "<group>"; };
		3BF6B97B1A4C1ED2007C10BF /* FSSummonerGroupViewController.m */ = {isa = PBXFileReference; fileEncoding = 4; lastKnownFileType = sourcecode.c.objc; path = FSSummonerGroupViewController.m; sourceTree = "<group>"; };
		BBEC4275003366CB0D35ED7A /* Pods.release.xcconfig */ = {isa = PBXFileReference; includeInIndex = 1; lastKnownFileType = text.xcconfig; name = Pods.release.xcconfig; path = "Pods/Target Support Files/Pods/Pods.release.xcconfig"; sourceTree = "<group>"; };
		F0B7A333A5F8F0B05CD2A390 /* libPods.a */ = {isa = PBXFileReference; explicitFileType = archive.ar; includeInIndex = 0; path = libPods.a; sourceTree = BUILT_PRODUCTS_DIR; };
/* End PBXFileReference section */

/* Begin PBXFrameworksBuildPhase section */
		3B8AD5231A1FDB6A00DFFA3A /* Frameworks */ = {
			isa = PBXFrameworksBuildPhase;
			buildActionMask = 2147483647;
			files = (
				3BA9A9FA1A781875002FB316 /* Fabric.framework in Frameworks */,
				3BF2264A1A1FE57C004EB614 /* CoreText.framework in Frameworks */,
				3BA9A9F91A781875002FB316 /* Crashlytics.framework in Frameworks */,
				2C01A4C03A46E64E746BA2E7 /* libPods.a in Frameworks */,
			);
			runOnlyForDeploymentPostprocessing = 0;
		};
		3B8AD53F1A1FDB6A00DFFA3A /* Frameworks */ = {
			isa = PBXFrameworksBuildPhase;
			buildActionMask = 2147483647;
			files = (
			);
			runOnlyForDeploymentPostprocessing = 0;
		};
/* End PBXFrameworksBuildPhase section */

/* Begin PBXGroup section */
		13A46C9BF1EF2D1B53206024 /* Frameworks */ = {
			isa = PBXGroup;
			children = (
				3B917A9A1A8362B100ED75E0 /* SystemConfiguration.framework */,
				3B917A981A8362A600ED75E0 /* CoreMotion.framework */,
				3B917A961A83629D00ED75E0 /* CoreFoundation.framework */,
				3B917A941A83628D00ED75E0 /* MessageUI.framework */,
				3B917A921A83627E00ED75E0 /* MediaPlayer.framework */,
				3B917A901A83627300ED75E0 /* libz.dylib */,
				3B917A8E1A83626900ED75E0 /* CoreMedia.framework */,
				3B917A8C1A83625F00ED75E0 /* CoreVideo.framework */,
				3B917A8A1A83625600ED75E0 /* AVFoundation.framework */,
				3BA9A9F71A781875002FB316 /* Crashlytics.framework */,
				3BA9A9F81A781875002FB316 /* Fabric.framework */,
				3BF2264B1A1FE582004EB614 /* QuartzCore.framework */,
				3BF226491A1FE57C004EB614 /* CoreText.framework */,
				F0B7A333A5F8F0B05CD2A390 /* libPods.a */,
			);
			name = Frameworks;
			sourceTree = "<group>";
		};
		3B052B621A21C25500665F23 /* Custom UIKit */ = {
			isa = PBXGroup;
			children = (
				3B052B631A21C48400665F23 /* CRBlockButton.h */,
				3B052B641A21C48400665F23 /* CRBlockButton.m */,
				3BF6B9771A479478007C10BF /* CRCheckMark.h */,
				3BF6B9781A479478007C10BF /* CRCheckMark.m */,
			);
			name = "Custom UIKit";
			sourceTree = "<group>";
		};
		3B0681761A26BE4B009B2F6E /* Protocols */ = {
			isa = PBXGroup;
			children = (
				3B12AC571A2E74E600016610 /* FSSummonerDataSource.h */,
				3B2F48D81A7302D700A80AA0 /* FSMatchDataSource.h */,
			);
			name = Protocols;
			sourceTree = "<group>";
		};
		3B3948C51A5688B50091B5AD /* Data Model Categories */ = {
			isa = PBXGroup;
			children = (
				3BF2263E1A1FE3E0004EB614 /* Summoner+APIMethods.h */,
				3BF2263F1A1FE3E0004EB614 /* Summoner+APIMethods.m */,
				3B052B5C1A21A52E00665F23 /* Match+APIMethods.h */,
				3B052B5D1A21A52E00665F23 /* Match+APIMethods.m */,
				3BA11FCB1A2F22A200AFC8EB /* Champion+APIMethods.h */,
				3BA11FCC1A2F22A200AFC8EB /* Champion+APIMethods.m */,
				3BEEE5851A3691DD00CEFE9F /* SummonerGroup+Helpers.h */,
				3BEEE5861A3691DD00CEFE9F /* SummonerGroup+Helpers.m */,
				3B2F48C11A71B2B700A80AA0 /* MatchParticipant+Helpers.h */,
				3B2F48C21A71B2B700A80AA0 /* MatchParticipant+Helpers.m */,
				3B2F48C41A71B67600A80AA0 /* MatchParticipantIdentity+Helpers.h */,
				3B2F48C51A71B67600A80AA0 /* MatchParticipantIdentity+Helpers.m */,
				3B2F48C71A71B68F00A80AA0 /* MatchParticipantStats+Helpers.h */,
				3B2F48C81A71B68F00A80AA0 /* MatchParticipantStats+Helpers.m */,
				3BA0B5B81A762BA500211EED /* Item+APIMethods.h */,
				3BA0B5B91A762BA500211EED /* Item+APIMethods.m */,
			);
			name = "Data Model Categories";
			sourceTree = "<group>";
		};
		3B4E38C01A81F9C100E6690E /* Views */ = {
			isa = PBXGroup;
			children = (
				3B9A17A11A6BC11900473700 /* Main.storyboard */,
				3B9D1A5F1A32C9E00052787C /* FSCollectionViewCell.xib */,
				3B9D1A611A3303E50052787C /* FSMatchTableViewCell.xib */,
				3B8AD53B1A1FDB6A00DFFA3A /* LaunchScreen.xib */,
				3B9A17B91A6D0F1800473700 /* FSGameOverviewCell.xib */,
				3B9A17C41A6D4FF200473700 /* FSGamePlayerCell.xib */,
				3BA9A9FD1A78E91C002FB316 /* FSMatchPlayerCell.xib */,
				3B1CD9481A7A157D004601DA /* FSItemTableViewCell.xib */,
			);
			name = Views;
			sourceTree = "<group>";
		};
		3B4E38C11A81F9C900E6690E /* Controllers */ = {
			isa = PBXGroup;
			children = (
				3B4CB0A11A2002F2003B1C67 /* FSCollectionViewCell.h */,
				3B4CB0A21A2002F2003B1C67 /* FSCollectionViewCell.m */,
				3B9D1A631A344BC70052787C /* FSMatchTableViewCell.h */,
				3B9D1A641A344BC70052787C /* FSMatchTableViewCell.m */,
				3B9A17BB1A6D155300473700 /* FSGameOverviewCell.h */,
				3B9A17BC1A6D155300473700 /* FSGameOverviewCell.m */,
				3B9A17C61A6D55E700473700 /* FSGamePlayerCell.h */,
				3B9A17C71A6D55E700473700 /* FSGamePlayerCell.m */,
				3BA9A9FF1A78EED6002FB316 /* FSMatchPlayerCollectionViewCell.h */,
				3BA9AA001A78EED6002FB316 /* FSMatchPlayerCollectionViewCell.m */,
				3B1CD94A1A7A194C004601DA /* FSItemTableViewCell.h */,
				3B1CD94B1A7A194C004601DA /* FSItemTableViewCell.m */,
			);
			name = Controllers;
			sourceTree = "<group>";
		};
		3B8AD51D1A1FDB6A00DFFA3A = {
			isa = PBXGroup;
			children = (
				3B8AD5281A1FDB6A00DFFA3A /* Fiddle Stats */,
				3B8AD5451A1FDB6A00DFFA3A /* Fiddle StatsTests */,
				3B8AD5271A1FDB6A00DFFA3A /* Products */,
				678DDAE8D8EE3FCA0DBF6AF5 /* Pods */,
				13A46C9BF1EF2D1B53206024 /* Frameworks */,
			);
			sourceTree = "<group>";
		};
		3B8AD5271A1FDB6A00DFFA3A /* Products */ = {
			isa = PBXGroup;
			children = (
				3B8AD5261A1FDB6A00DFFA3A /* Fiddle Stats.app */,
				3B8AD5421A1FDB6A00DFFA3A /* Fiddle StatsTests.xctest */,
			);
			name = Products;
			sourceTree = "<group>";
		};
		3B8AD5281A1FDB6A00DFFA3A /* Fiddle Stats */ = {
			isa = PBXGroup;
			children = (
				3B0681761A26BE4B009B2F6E /* Protocols */,
				3B052B621A21C25500665F23 /* Custom UIKit */,
				3BF226381A1FDEB4004EB614 /* Design Files */,
				3BF226481A1FE488004EB614 /* Categories */,
				3BF226441A1FE458004EB614 /* API & Tools */,
				3B8AD52D1A1FDB6A00DFFA3A /* AppDelegate.h */,
				3B8AD52E1A1FDB6A00DFFA3A /* AppDelegate.m */,
				3B0681721A25E8D3009B2F6E /* FSDataPair.h */,
				3B0681731A25E8D3009B2F6E /* FSDataPair.m */,
				3B06816F1A25D657009B2F6E /* FSDataDelegate.h */,
				3B0681701A25D657009B2F6E /* FSDataDelegate.m */,
				3B5F8B7F1A2F12EB00CE3AC5 /* FSNavigationController.h */,
				3B5F8B801A2F12EB00CE3AC5 /* FSNavigationController.m */,
				3B9A17A41A6BCB6E00473700 /* FSDrawerTableViewController.h */,
				3B9A17A51A6BCB6E00473700 /* FSDrawerTableViewController.m */,
				3B3948C21A5546150091B5AD /* FSSettingsTableViewController.h */,
				3B3948C31A5546150091B5AD /* FSSettingsTableViewController.m */,
				3B8AD5331A1FDB6A00DFFA3A /* FSMainViewController.h */,
				3B8AD5341A1FDB6A00DFFA3A /* FSMainViewController.m */,
				3BF472E61A25C78F000A93DA /* FSPlayerTableViewController.h */,
				3BF472E71A25C78F000A93DA /* FSPlayerTableViewController.m */,
				3B9A17BE1A6D15C300473700 /* FSMatchCollectionViewController.h */,
				3B9A17BF1A6D15C300473700 /* FSMatchCollectionViewController.m */,
				3BF6B97A1A4C1ED2007C10BF /* FSSummonerGroupViewController.h */,
				3BF6B97B1A4C1ED2007C10BF /* FSSummonerGroupViewController.m */,
				3B8AD5291A1FDB6A00DFFA3A /* Supporting Files */,
			);
			path = "Fiddle Stats";
			sourceTree = "<group>";
		};
		3B8AD5291A1FDB6A00DFFA3A /* Supporting Files */ = {
			isa = PBXGroup;
			children = (
				3B917A7F1A83613600ED75E0 /* BlitFeedback */,
				3B2F48D61A72FD2800A80AA0 /* AppProperties.plist */,
				3B8AD52A1A1FDB6A00DFFA3A /* Info.plist */,
				3B8AD5301A1FDB6A00DFFA3A /* Fiddle_Stats.xcdatamodeld */,
				3B8AD5391A1FDB6A00DFFA3A /* Images.xcassets */,
				3B8AD52B1A1FDB6A00DFFA3A /* main.m */,
			);
			name = "Supporting Files";
			sourceTree = "<group>";
		};
		3B8AD5451A1FDB6A00DFFA3A /* Fiddle StatsTests */ = {
			isa = PBXGroup;
			children = (
				3B8AD5481A1FDB6A00DFFA3A /* Fiddle_StatsTests.m */,
				3B8AD5461A1FDB6A00DFFA3A /* Supporting Files */,
			);
			path = "Fiddle StatsTests";
			sourceTree = "<group>";
		};
		3B8AD5461A1FDB6A00DFFA3A /* Supporting Files */ = {
			isa = PBXGroup;
			children = (
				3B8AD5471A1FDB6A00DFFA3A /* Info.plist */,
			);
			name = "Supporting Files";
			sourceTree = "<group>";
		};
		3B917A7F1A83613600ED75E0 /* BlitFeedback */ = {
			isa = PBXGroup;
			children = (
				3B917A801A83617B00ED75E0 /* Additions */,
				3B917A851A83617B00ED75E0 /* libBlitFeedback.a */,
				3B917A861A83617B00ED75E0 /* BlitFeedback.h */,
			);
			name = BlitFeedback;
			sourceTree = "<group>";
		};
		3B917A801A83617B00ED75E0 /* Additions */ = {
			isa = PBXGroup;
			children = (
				3B917A811A83617B00ED75E0 /* NSObject+BlitMethodSwizzling.h */,
				3B917A821A83617B00ED75E0 /* NSObject+BlitMethodSwizzling.m */,
				3B917A831A83617B00ED75E0 /* UIPopoverController+BlitFeedbackAdditions.h */,
				3B917A841A83617B00ED75E0 /* UIPopoverController+BlitFeedbackAdditions.m */,
			);
			path = Additions;
			sourceTree = "<group>";
		};
		3BA0B5BB1A763BEA00211EED /* Tools */ = {
			isa = PBXGroup;
			children = (
				3BA0B5BC1A763C0200211EED /* CRDataManager.h */,
				3BA0B5BD1A763C0200211EED /* CRDataManager.m */,
			);
			name = Tools;
			sourceTree = "<group>";
		};
		3BF226381A1FDEB4004EB614 /* Design Files */ = {
			isa = PBXGroup;
			children = (
				3B4E38C11A81F9C900E6690E /* Controllers */,
				3B4E38C01A81F9C100E6690E /* Views */,
			);
			name = "Design Files";
			sourceTree = "<group>";
		};
		3BF226421A1FE3F7004EB614 /* Data Models */ = {
			isa = PBXGroup;
			children = (
				3BD24E7B1A96E6CB00196EEF /* Match.h */,
				3BD24E7C1A96E6CB00196EEF /* Match.m */,
				3BA0B5B51A762B8200211EED /* Item.h */,
				3BA0B5B61A762B8200211EED /* Item.m */,
				3B2F48D31A71D92A00A80AA0 /* MatchParticipantStats.h */,
				3B2F48D41A71D92A00A80AA0 /* MatchParticipantStats.m */,
				3B2F48CD1A71B9FF00A80AA0 /* MatchParticipant.h */,
				3B2F48CE1A71B9FF00A80AA0 /* MatchParticipant.m */,
				3B2F48CA1A71B86900A80AA0 /* MatchParticipantIdentity.h */,
				3B2F48CB1A71B86900A80AA0 /* MatchParticipantIdentity.m */,
				3B2F48BB1A71AE4400A80AA0 /* MatchTeam.h */,
				3B2F48BC1A71AE4400A80AA0 /* MatchTeam.m */,
				3B2F489A1A71A34000A80AA0 /* SummonerGroup.h */,
				3B2F489B1A71A34000A80AA0 /* SummonerGroup.m */,
				3B2ABF981A36E4810095C015 /* Summoner.h */,
				3B2ABF991A36E4810095C015 /* Summoner.m */,
				3BA11FC81A2F227D00AFC8EB /* Champion.h */,
				3BA11FC91A2F227D00AFC8EB /* Champion.m */,
			);
			name = "Data Models";
			sourceTree = "<group>";
		};
		3BF226441A1FE458004EB614 /* API & Tools */ = {
			isa = PBXGroup;
			children = (
				3BA0B5BB1A763BEA00211EED /* Tools */,
				3B3948C51A5688B50091B5AD /* Data Model Categories */,
				3BF226421A1FE3F7004EB614 /* Data Models */,
				3BF226451A1FE47A004EB614 /* CRFiddleAPIClient.h */,
				3BF226461A1FE47A004EB614 /* CRFiddleAPIClient.m */,
			);
			name = "API & Tools";
			sourceTree = "<group>";
		};
		3BF226481A1FE488004EB614 /* Categories */ = {
			isa = PBXGroup;
			children = (
				3BF226391A1FE3CB004EB614 /* UIColor+AppColors.h */,
				3BF2263A1A1FE3CB004EB614 /* UIColor+AppColors.m */,
				3B052B661A21D3E300665F23 /* UIView+Effects.h */,
				3B052B671A21D3E300665F23 /* UIView+Effects.m */,
				3B12AC581A2E7B8600016610 /* UINavigationController+Helpers.h */,
				3B12AC591A2E7B8600016610 /* UINavigationController+Helpers.m */,
			);
			name = Categories;
			sourceTree = "<group>";
		};
		678DDAE8D8EE3FCA0DBF6AF5 /* Pods */ = {
			isa = PBXGroup;
			children = (
				164CE89A1C54E2BABA16D866 /* Pods.debug.xcconfig */,
				BBEC4275003366CB0D35ED7A /* Pods.release.xcconfig */,
			);
			name = Pods;
			sourceTree = "<group>";
		};
/* End PBXGroup section */

/* Begin PBXNativeTarget section */
		3B8AD5251A1FDB6A00DFFA3A /* Fiddle Stats */ = {
			isa = PBXNativeTarget;
			buildConfigurationList = 3B8AD54C1A1FDB6A00DFFA3A /* Build configuration list for PBXNativeTarget "Fiddle Stats" */;
			buildPhases = (
				8E105AC8EE7E40ED94943E74 /* Check Pods Manifest.lock */,
				3B8AD5221A1FDB6A00DFFA3A /* Sources */,
				3B8AD5231A1FDB6A00DFFA3A /* Frameworks */,
				3B8AD5241A1FDB6A00DFFA3A /* Resources */,
				2862A1658B9F5B4637DBDDA6 /* Copy Pods Resources */,
				3BA9A9FC1A78C7E6002FB316 /* ShellScript */,
			);
			buildRules = (
			);
			dependencies = (
			);
			name = "Fiddle Stats";
			productName = "Fiddle Stats";
			productReference = 3B8AD5261A1FDB6A00DFFA3A /* Fiddle Stats.app */;
			productType = "com.apple.product-type.application";
		};
		3B8AD5411A1FDB6A00DFFA3A /* Fiddle StatsTests */ = {
			isa = PBXNativeTarget;
			buildConfigurationList = 3B8AD54F1A1FDB6A00DFFA3A /* Build configuration list for PBXNativeTarget "Fiddle StatsTests" */;
			buildPhases = (
				3B8AD53E1A1FDB6A00DFFA3A /* Sources */,
				3B8AD53F1A1FDB6A00DFFA3A /* Frameworks */,
				3B8AD5401A1FDB6A00DFFA3A /* Resources */,
			);
			buildRules = (
			);
			dependencies = (
				3B8AD5441A1FDB6A00DFFA3A /* PBXTargetDependency */,
			);
			name = "Fiddle StatsTests";
			productName = "Fiddle StatsTests";
			productReference = 3B8AD5421A1FDB6A00DFFA3A /* Fiddle StatsTests.xctest */;
			productType = "com.apple.product-type.bundle.unit-test";
		};
/* End PBXNativeTarget section */

/* Begin PBXProject section */
		3B8AD51E1A1FDB6A00DFFA3A /* Project object */ = {
			isa = PBXProject;
			attributes = {
				LastUpgradeCheck = 0610;
				ORGANIZATIONNAME = "Casey Richardson";
				TargetAttributes = {
					3B8AD5251A1FDB6A00DFFA3A = {
						CreatedOnToolsVersion = 6.1;
						DevelopmentTeam = 5ZQYXN3329;
					};
					3B8AD5411A1FDB6A00DFFA3A = {
						CreatedOnToolsVersion = 6.1;
						TestTargetID = 3B8AD5251A1FDB6A00DFFA3A;
					};
				};
			};
			buildConfigurationList = 3B8AD5211A1FDB6A00DFFA3A /* Build configuration list for PBXProject "Fiddle Stats" */;
			compatibilityVersion = "Xcode 3.2";
			developmentRegion = English;
			hasScannedForEncodings = 0;
			knownRegions = (
				en,
				Base,
			);
			mainGroup = 3B8AD51D1A1FDB6A00DFFA3A;
			productRefGroup = 3B8AD5271A1FDB6A00DFFA3A /* Products */;
			projectDirPath = "";
			projectRoot = "";
			targets = (
				3B8AD5251A1FDB6A00DFFA3A /* Fiddle Stats */,
				3B8AD5411A1FDB6A00DFFA3A /* Fiddle StatsTests */,
			);
		};
/* End PBXProject section */

/* Begin PBXResourcesBuildPhase section */
		3B8AD5241A1FDB6A00DFFA3A /* Resources */ = {
			isa = PBXResourcesBuildPhase;
			buildActionMask = 2147483647;
			files = (
				3B9D1A621A3303E50052787C /* FSMatchTableViewCell.xib in Resources */,
				3B9A17BA1A6D0F1800473700 /* FSGameOverviewCell.xib in Resources */,
				3B1CD9491A7A157D004601DA /* FSItemTableViewCell.xib in Resources */,
				3B2F48D71A72FD2800A80AA0 /* AppProperties.plist in Resources */,
				3B9A17A31A6BC11900473700 /* Main.storyboard in Resources */,
				3B9D1A601A32C9E00052787C /* FSCollectionViewCell.xib in Resources */,
				3B8AD53D1A1FDB6A00DFFA3A /* LaunchScreen.xib in Resources */,
				3BA9A9FE1A78E91C002FB316 /* FSMatchPlayerCell.xib in Resources */,
				3B9A17C51A6D4FF200473700 /* FSGamePlayerCell.xib in Resources */,
				3B8AD53A1A1FDB6A00DFFA3A /* Images.xcassets in Resources */,
			);
			runOnlyForDeploymentPostprocessing = 0;
		};
		3B8AD5401A1FDB6A00DFFA3A /* Resources */ = {
			isa = PBXResourcesBuildPhase;
			buildActionMask = 2147483647;
			files = (
			);
			runOnlyForDeploymentPostprocessing = 0;
		};
/* End PBXResourcesBuildPhase section */

/* Begin PBXShellScriptBuildPhase section */
		2862A1658B9F5B4637DBDDA6 /* Copy Pods Resources */ = {
			isa = PBXShellScriptBuildPhase;
			buildActionMask = 2147483647;
			files = (
			);
			inputPaths = (
			);
			name = "Copy Pods Resources";
			outputPaths = (
			);
			runOnlyForDeploymentPostprocessing = 0;
			shellPath = /bin/sh;
			shellScript = "\"${SRCROOT}/Pods/Target Support Files/Pods/Pods-resources.sh\"\n";
			showEnvVarsInLog = 0;
		};
		3BA9A9FC1A78C7E6002FB316 /* ShellScript */ = {
			isa = PBXShellScriptBuildPhase;
			buildActionMask = 2147483647;
			files = (
			);
			inputPaths = (
			);
			outputPaths = (
			);
			runOnlyForDeploymentPostprocessing = 0;
			shellPath = /bin/sh;
			shellScript = "./Fiddle\\ Stats/Fabric.framework/run c939a8f8d4151067ef07bffff5d70c3a377a90ee dffa7c81b5d2a2675eaffb51d92c85bdcbfa80217087106b9339beb191e4600b";
		};
		8E105AC8EE7E40ED94943E74 /* Check Pods Manifest.lock */ = {
			isa = PBXShellScriptBuildPhase;
			buildActionMask = 2147483647;
			files = (
			);
			inputPaths = (
			);
			name = "Check Pods Manifest.lock";
			outputPaths = (
			);
			runOnlyForDeploymentPostprocessing = 0;
			shellPath = /bin/sh;
			shellScript = "diff \"${PODS_ROOT}/../Podfile.lock\" \"${PODS_ROOT}/Manifest.lock\" > /dev/null\nif [[ $? != 0 ]] ; then\n    cat << EOM\nerror: The sandbox is not in sync with the Podfile.lock. Run 'pod install' or update your CocoaPods installation.\nEOM\n    exit 1\nfi\n";
			showEnvVarsInLog = 0;
		};
/* End PBXShellScriptBuildPhase section */

/* Begin PBXSourcesBuildPhase section */
		3B8AD5221A1FDB6A00DFFA3A /* Sources */ = {
			isa = PBXSourcesBuildPhase;
			buildActionMask = 2147483647;
			files = (
				3BA0B5BE1A763C0200211EED /* CRDataManager.m in Sources */,
				3B917A881A83617B00ED75E0 /* UIPopoverController+BlitFeedbackAdditions.m in Sources */,
				3BA0B5B71A762B8200211EED /* Item.m in Sources */,
				3BF2263B1A1FE3CB004EB614 /* UIColor+AppColors.m in Sources */,
				3B9A17A61A6BCB6E00473700 /* FSDrawerTableViewController.m in Sources */,
				3B0681741A25E8D3009B2F6E /* FSDataPair.m in Sources */,
				3B2F48CC1A71B86900A80AA0 /* MatchParticipantIdentity.m in Sources */,
				3B2F489C1A71A34000A80AA0 /* SummonerGroup.m in Sources */,
				3BEEE5871A3691DD00CEFE9F /* SummonerGroup+Helpers.m in Sources */,
				3B052B681A21D3E300665F23 /* UIView+Effects.m in Sources */,
				3B2F48D51A71D92A00A80AA0 /* MatchParticipantStats.m in Sources */,
				3B4CB0A31A2002F2003B1C67 /* FSCollectionViewCell.m in Sources */,
				3B2F48C31A71B2B700A80AA0 /* MatchParticipant+Helpers.m in Sources */,
				3B8AD52F1A1FDB6A00DFFA3A /* AppDelegate.m in Sources */,
				3B8AD52C1A1FDB6A00DFFA3A /* main.m in Sources */,
				3BF226471A1FE47A004EB614 /* CRFiddleAPIClient.m in Sources */,
				3B917A871A83617B00ED75E0 /* NSObject+BlitMethodSwizzling.m in Sources */,
				3B9A17BD1A6D155300473700 /* FSGameOverviewCell.m in Sources */,
				3BA11FCA1A2F227D00AFC8EB /* Champion.m in Sources */,
				3BF6B9791A479478007C10BF /* CRCheckMark.m in Sources */,
				3B2F48C91A71B68F00A80AA0 /* MatchParticipantStats+Helpers.m in Sources */,
				3B9A17C81A6D55E700473700 /* FSGamePlayerCell.m in Sources */,
				3BA0B5BA1A762BA500211EED /* Item+APIMethods.m in Sources */,
				3BD24E7D1A96E6CB00196EEF /* Match.m in Sources */,
				3B1CD94C1A7A194C004601DA /* FSItemTableViewCell.m in Sources */,
				3BA11FCD1A2F22A200AFC8EB /* Champion+APIMethods.m in Sources */,
				3B2F48BD1A71AE4400A80AA0 /* MatchTeam.m in Sources */,
				3B9D1A651A344BC70052787C /* FSMatchTableViewCell.m in Sources */,
				3B2F48CF1A71B9FF00A80AA0 /* MatchParticipant.m in Sources */,
				3B052B651A21C48400665F23 /* CRBlockButton.m in Sources */,
				3B5F8B811A2F12EB00CE3AC5 /* FSNavigationController.m in Sources */,
				3B2F48C61A71B67600A80AA0 /* MatchParticipantIdentity+Helpers.m in Sources */,
				3B12AC5A1A2E7B8600016610 /* UINavigationController+Helpers.m in Sources */,
				3BF6B97C1A4C1ED2007C10BF /* FSSummonerGroupViewController.m in Sources */,
				3BA9AA011A78EED6002FB316 /* FSMatchPlayerCollectionViewCell.m in Sources */,
				3B9A17C01A6D15C300473700 /* FSMatchCollectionViewController.m in Sources */,
				3B0681711A25D657009B2F6E /* FSDataDelegate.m in Sources */,
				3B8AD5351A1FDB6A00DFFA3A /* FSMainViewController.m in Sources */,
				3B2ABF9A1A36E4810095C015 /* Summoner.m in Sources */,
				3B8AD5321A1FDB6A00DFFA3A /* Fiddle_Stats.xcdatamodeld in Sources */,
				3B052B5E1A21A52E00665F23 /* Match+APIMethods.m in Sources */,
				3BF226411A1FE3E0004EB614 /* Summoner+APIMethods.m in Sources */,
				3BF472E81A25C78F000A93DA /* FSPlayerTableViewController.m in Sources */,
				3B3948C41A5546150091B5AD /* FSSettingsTableViewController.m in Sources */,
			);
			runOnlyForDeploymentPostprocessing = 0;
		};
		3B8AD53E1A1FDB6A00DFFA3A /* Sources */ = {
			isa = PBXSourcesBuildPhase;
			buildActionMask = 2147483647;
			files = (
				3B8AD5491A1FDB6A00DFFA3A /* Fiddle_StatsTests.m in Sources */,
			);
			runOnlyForDeploymentPostprocessing = 0;
		};
/* End PBXSourcesBuildPhase section */

/* Begin PBXTargetDependency section */
		3B8AD5441A1FDB6A00DFFA3A /* PBXTargetDependency */ = {
			isa = PBXTargetDependency;
			target = 3B8AD5251A1FDB6A00DFFA3A /* Fiddle Stats */;
			targetProxy = 3B8AD5431A1FDB6A00DFFA3A /* PBXContainerItemProxy */;
		};
/* End PBXTargetDependency section */

/* Begin PBXVariantGroup section */
		3B8AD53B1A1FDB6A00DFFA3A /* LaunchScreen.xib */ = {
			isa = PBXVariantGroup;
			children = (
				3B8AD53C1A1FDB6A00DFFA3A /* Base */,
			);
			name = LaunchScreen.xib;
			sourceTree = "<group>";
		};
		3B9A17A11A6BC11900473700 /* Main.storyboard */ = {
			isa = PBXVariantGroup;
			children = (
				3B9A17A21A6BC11900473700 /* Base */,
			);
			name = Main.storyboard;
			path = ..;
			sourceTree = "<group>";
		};
/* End PBXVariantGroup section */

/* Begin XCBuildConfiguration section */
		3B8AD54A1A1FDB6A00DFFA3A /* Debug */ = {
			isa = XCBuildConfiguration;
			buildSettings = {
				ALWAYS_SEARCH_USER_PATHS = NO;
				CLANG_CXX_LANGUAGE_STANDARD = "gnu++0x";
				CLANG_CXX_LIBRARY = "libc++";
				CLANG_ENABLE_MODULES = YES;
				CLANG_ENABLE_OBJC_ARC = YES;
				CLANG_WARN_BOOL_CONVERSION = YES;
				CLANG_WARN_CONSTANT_CONVERSION = YES;
				CLANG_WARN_DIRECT_OBJC_ISA_USAGE = YES_ERROR;
				CLANG_WARN_EMPTY_BODY = YES;
				CLANG_WARN_ENUM_CONVERSION = YES;
				CLANG_WARN_INT_CONVERSION = YES;
				CLANG_WARN_OBJC_ROOT_CLASS = YES_ERROR;
				CLANG_WARN_UNREACHABLE_CODE = YES;
				CLANG_WARN__DUPLICATE_METHOD_MATCH = YES;
				"CODE_SIGN_IDENTITY[sdk=iphoneos*]" = "iPhone Developer";
				COPY_PHASE_STRIP = NO;
				ENABLE_STRICT_OBJC_MSGSEND = YES;
				GCC_C_LANGUAGE_STANDARD = gnu99;
				GCC_DYNAMIC_NO_PIC = NO;
				GCC_OPTIMIZATION_LEVEL = 0;
				GCC_PREPROCESSOR_DEFINITIONS = (
					"DEBUG=1",
					"$(inherited)",
				);
				GCC_SYMBOLS_PRIVATE_EXTERN = NO;
				GCC_WARN_64_TO_32_BIT_CONVERSION = YES;
				GCC_WARN_ABOUT_RETURN_TYPE = YES_ERROR;
				GCC_WARN_UNDECLARED_SELECTOR = YES;
				GCC_WARN_UNINITIALIZED_AUTOS = YES_AGGRESSIVE;
				GCC_WARN_UNUSED_FUNCTION = YES;
				GCC_WARN_UNUSED_VARIABLE = YES;
				IPHONEOS_DEPLOYMENT_TARGET = 8.1;
				MTL_ENABLE_DEBUG_INFO = YES;
				ONLY_ACTIVE_ARCH = YES;
				SDKROOT = iphoneos;
			};
			name = Debug;
		};
		3B8AD54B1A1FDB6A00DFFA3A /* Release */ = {
			isa = XCBuildConfiguration;
			buildSettings = {
				ALWAYS_SEARCH_USER_PATHS = NO;
				CLANG_CXX_LANGUAGE_STANDARD = "gnu++0x";
				CLANG_CXX_LIBRARY = "libc++";
				CLANG_ENABLE_MODULES = YES;
				CLANG_ENABLE_OBJC_ARC = YES;
				CLANG_WARN_BOOL_CONVERSION = YES;
				CLANG_WARN_CONSTANT_CONVERSION = YES;
				CLANG_WARN_DIRECT_OBJC_ISA_USAGE = YES_ERROR;
				CLANG_WARN_EMPTY_BODY = YES;
				CLANG_WARN_ENUM_CONVERSION = YES;
				CLANG_WARN_INT_CONVERSION = YES;
				CLANG_WARN_OBJC_ROOT_CLASS = YES_ERROR;
				CLANG_WARN_UNREACHABLE_CODE = YES;
				CLANG_WARN__DUPLICATE_METHOD_MATCH = YES;
				"CODE_SIGN_IDENTITY[sdk=iphoneos*]" = "iPhone Developer";
				COPY_PHASE_STRIP = YES;
				ENABLE_NS_ASSERTIONS = NO;
				ENABLE_STRICT_OBJC_MSGSEND = YES;
				GCC_C_LANGUAGE_STANDARD = gnu99;
				GCC_WARN_64_TO_32_BIT_CONVERSION = YES;
				GCC_WARN_ABOUT_RETURN_TYPE = YES_ERROR;
				GCC_WARN_UNDECLARED_SELECTOR = YES;
				GCC_WARN_UNINITIALIZED_AUTOS = YES_AGGRESSIVE;
				GCC_WARN_UNUSED_FUNCTION = YES;
				GCC_WARN_UNUSED_VARIABLE = YES;
				IPHONEOS_DEPLOYMENT_TARGET = 8.1;
				MTL_ENABLE_DEBUG_INFO = NO;
				SDKROOT = iphoneos;
				VALIDATE_PRODUCT = YES;
			};
			name = Release;
		};
		3B8AD54D1A1FDB6A00DFFA3A /* Debug */ = {
			isa = XCBuildConfiguration;
			baseConfigurationReference = 164CE89A1C54E2BABA16D866 /* Pods.debug.xcconfig */;
			buildSettings = {
				ASSETCATALOG_COMPILER_APPICON_NAME = AppIcon;
				CODE_SIGN_IDENTITY = "iPhone Developer";
				FRAMEWORK_SEARCH_PATHS = (
					"$(inherited)",
					"$(PROJECT_DIR)",
					"$(PROJECT_DIR)/Fiddle\\ Stats",
					"$(SRCROOT)/**",
				);
				INFOPLIST_FILE = "Fiddle Stats/Info.plist";
				LD_RUNPATH_SEARCH_PATHS = "$(inherited) @executable_path/Frameworks";
				LIBRARY_SEARCH_PATHS = (
					"$(inherited)",
					"$(PROJECT_DIR)/Fiddle\\ Stats",
				);
				ONLY_ACTIVE_ARCH = YES;
				OTHER_LDFLAGS = (
					"-ObjC",
					"-l\"Pods-AFNetworking\"",
					"-l\"Pods-JVFloatingDrawer\"",
					"-l\"Pods-STKWebKitViewController\"",
					"-l\"Pods-UIImageView-Letters\"",
					"-framework",
					"\"CoreGraphics\"",
					"-framework",
					"\"MobileCoreServices\"",
					"-framework",
					"\"Security\"",
					"-framework",
					"\"SystemConfiguration\"",
					"-framework",
					"\"UIKit\"",
					"-weak_framework",
					"\"WebKit\"",
					"$(inherited)",
				);
				PRODUCT_NAME = "$(TARGET_NAME)";
				TARGETED_DEVICE_FAMILY = "1,2";
				VALID_ARCHS = "arm64 armv7 armv7s i386";
			};
			name = Debug;
		};
		3B8AD54E1A1FDB6A00DFFA3A /* Release */ = {
			isa = XCBuildConfiguration;
			baseConfigurationReference = BBEC4275003366CB0D35ED7A /* Pods.release.xcconfig */;
			buildSettings = {
				ASSETCATALOG_COMPILER_APPICON_NAME = AppIcon;
				CODE_SIGN_IDENTITY = "iPhone Developer";
				FRAMEWORK_SEARCH_PATHS = (
					"$(inherited)",
					"$(PROJECT_DIR)",
					"$(PROJECT_DIR)/Fiddle\\ Stats",
					"$(SRCROOT)/**",
				);
				INFOPLIST_FILE = "Fiddle Stats/Info.plist";
				LD_RUNPATH_SEARCH_PATHS = "$(inherited) @executable_path/Frameworks";
				LIBRARY_SEARCH_PATHS = (
					"$(inherited)",
					"$(PROJECT_DIR)/Fiddle\\ Stats",
				);
				OTHER_LDFLAGS = (
					"-ObjC",
					"-l\"Pods-AFNetworking\"",
					"-l\"Pods-JVFloatingDrawer\"",
					"-l\"Pods-STKWebKitViewController\"",
					"-l\"Pods-UIImageView-Letters\"",
					"-framework",
					"\"CoreGraphics\"",
					"-framework",
					"\"MobileCoreServices\"",
					"-framework",
					"\"Security\"",
					"-framework",
					"\"SystemConfiguration\"",
					"-framework",
					"\"UIKit\"",
					"-weak_framework",
					"\"WebKit\"",
					"$(inherited)",
				);
				PRODUCT_NAME = "$(TARGET_NAME)";
				TARGETED_DEVICE_FAMILY = "1,2";
				VALID_ARCHS = "arm64 armv7 armv7s i386";
			};
			name = Release;
		};
		3B8AD5501A1FDB6A00DFFA3A /* Debug */ = {
			isa = XCBuildConfiguration;
			buildSettings = {
				BUNDLE_LOADER = "$(TEST_HOST)";
				FRAMEWORK_SEARCH_PATHS = (
					"$(SDKROOT)/Developer/Library/Frameworks",
					"$(inherited)",
				);
				GCC_PREPROCESSOR_DEFINITIONS = (
					"DEBUG=1",
					"$(inherited)",
				);
				INFOPLIST_FILE = "Fiddle StatsTests/Info.plist";
				LD_RUNPATH_SEARCH_PATHS = "$(inherited) @executable_path/Frameworks @loader_path/Frameworks";
				PRODUCT_NAME = "$(TARGET_NAME)";
				TEST_HOST = "$(BUILT_PRODUCTS_DIR)/Fiddle Stats.app/Fiddle Stats";
			};
			name = Debug;
		};
		3B8AD5511A1FDB6A00DFFA3A /* Release */ = {
			isa = XCBuildConfiguration;
			buildSettings = {
				BUNDLE_LOADER = "$(TEST_HOST)";
				FRAMEWORK_SEARCH_PATHS = (
					"$(SDKROOT)/Developer/Library/Frameworks",
					"$(inherited)",
				);
				INFOPLIST_FILE = "Fiddle StatsTests/Info.plist";
				LD_RUNPATH_SEARCH_PATHS = "$(inherited) @executable_path/Frameworks @loader_path/Frameworks";
				PRODUCT_NAME = "$(TARGET_NAME)";
				TEST_HOST = "$(BUILT_PRODUCTS_DIR)/Fiddle Stats.app/Fiddle Stats";
			};
			name = Release;
		};
/* End XCBuildConfiguration section */

/* Begin XCConfigurationList section */
		3B8AD5211A1FDB6A00DFFA3A /* Build configuration list for PBXProject "Fiddle Stats" */ = {
			isa = XCConfigurationList;
			buildConfigurations = (
				3B8AD54A1A1FDB6A00DFFA3A /* Debug */,
				3B8AD54B1A1FDB6A00DFFA3A /* Release */,
			);
			defaultConfigurationIsVisible = 0;
			defaultConfigurationName = Release;
		};
		3B8AD54C1A1FDB6A00DFFA3A /* Build configuration list for PBXNativeTarget "Fiddle Stats" */ = {
			isa = XCConfigurationList;
			buildConfigurations = (
				3B8AD54D1A1FDB6A00DFFA3A /* Debug */,
				3B8AD54E1A1FDB6A00DFFA3A /* Release */,
			);
			defaultConfigurationIsVisible = 0;
			defaultConfigurationName = Release;
		};
		3B8AD54F1A1FDB6A00DFFA3A /* Build configuration list for PBXNativeTarget "Fiddle StatsTests" */ = {
			isa = XCConfigurationList;
			buildConfigurations = (
				3B8AD5501A1FDB6A00DFFA3A /* Debug */,
				3B8AD5511A1FDB6A00DFFA3A /* Release */,
			);
			defaultConfigurationIsVisible = 0;
			defaultConfigurationName = Release;
		};
/* End XCConfigurationList section */

/* Begin XCVersionGroup section */
		3B8AD5301A1FDB6A00DFFA3A /* Fiddle_Stats.xcdatamodeld */ = {
			isa = XCVersionGroup;
			children = (
				3B8AD5311A1FDB6A00DFFA3A /* Fiddle_Stats.xcdatamodel */,
			);
			currentVersion = 3B8AD5311A1FDB6A00DFFA3A /* Fiddle_Stats.xcdatamodel */;
			path = Fiddle_Stats.xcdatamodeld;
			sourceTree = "<group>";
			versionGroupType = wrapper.xcdatamodel;
		};
/* End XCVersionGroup section */
	};
	rootObject = 3B8AD51E1A1FDB6A00DFFA3A /* Project object */;
}
